
Microsoft Visual Studio Solution File, Format Version 12.00
# Visual Studio 2013
VisualStudioVersion = 12.0.31101.0
MinimumVisualStudioVersion = 10.0.40219.1
Project("{FAE04EC0-301F-11D3-BF4B-00C04F79EFBC}") = "FileOrganizer", "FileOrganizer.csproj", "{40A1F1BC-FC03-493E-85D3-C6534D35A6EC}"
EndProject
Project("{2150E333-8FDC-42A3-9474-1A3956D46DE8}") = "01 - App", "01 - App", "{91068F43-FE20-4E81-9B06-3E13FE4893B9}"
EndProject
Project("{2150E333-8FDC-42A3-9474-1A3956D46DE8}") = "20 - Libs", "20 - Libs", "{EBD14366-17FF-4BB5-BE13-4BD91B2FD335}"
EndProject
Project("{FAE04EC0-301F-11D3-BF4B-00C04F79EFBC}") = "Org.GS", "..\..\Libs\Org.GS\Org.GS.csproj", "{A43EC37D-35C1-4F80-9D14-978DA1312FA9}"
EndProject
Project("{FAE04EC0-301F-11D3-BF4B-00C04F79EFBC}") = "Org.FSO", "..\..\Libs\Org.FSO\Org.FSO.csproj", "{AB9A8267-9203-4DD6-86F0-9D2A1083FD2D}"
EndProject
Global
	GlobalSection(TeamFoundationVersionControl) = preSolution
		SccNumberOfProjects = 1
		SccEnterpriseProvider = {4CA58AB2-18FA-4F8D-95D4-32DDF27D184C}
		SccTeamFoundationServer = https://gulfportenergy.visualstudio.com/defaultcollection
		SccProjectUniqueName0 = ..\\..\\Libs\\Org.GS\\Org.GS.csproj
		SccProjectTopLevelParentUniqueName0 = FileOrganizer.sln
		SccProjectName0 = ../../Libs/Org.GS
		SccAuxPath0 = https://gulfportenergy.visualstudio.com/defaultcollection
		SccLocalPath0 = ..\\..\\Libs\\Org.GS
		SccProvider0 = {4CA58AB2-18FA-4F8D-95D4-32DDF27D184C}
	EndGlobalSection
	GlobalSection(SolutionConfigurationPlatforms) = preSolution
		Debug|Any CPU = Debug|Any CPU
		Debug|x86 = Debug|x86
		Release|Any CPU = Release|Any CPU
		Release|x86 = Release|x86
	EndGlobalSection
	GlobalSection(ProjectConfigurationPlatforms) = postSolution
		{40A1F1BC-FC03-493E-85D3-C6534D35A6EC}.Debug|Any CPU.ActiveCfg = Debug|Any CPU
		{40A1F1BC-FC03-493E-85D3-C6534D35A6EC}.Debug|Any CPU.Build.0 = Debug|Any CPU
		{40A1F1BC-FC03-493E-85D3-C6534D35A6EC}.Debug|x86.ActiveCfg = Debug|Any CPU
		{40A1F1BC-FC03-493E-85D3-C6534D35A6EC}.Release|Any CPU.ActiveCfg = Release|Any CPU
		{40A1F1BC-FC03-493E-85D3-C6534D35A6EC}.Release|Any CPU.Build.0 = Release|Any CPU
		{40A1F1BC-FC03-493E-85D3-C6534D35A6EC}.Release|x86.ActiveCfg = Release|Any CPU
		{A43EC37D-35C1-4F80-9D14-978DA1312FA9}.Debug|Any CPU.ActiveCfg = Debug|Any CPU
		{A43EC37D-35C1-4F80-9D14-978DA1312FA9}.Debug|Any CPU.Build.0 = Debug|Any CPU
		{A43EC37D-35C1-4F80-9D14-978DA1312FA9}.Debug|x86.ActiveCfg = Debug|x86
		{A43EC37D-35C1-4F80-9D14-978DA1312FA9}.Debug|x86.Build.0 = Debug|x86
		{A43EC37D-35C1-4F80-9D14-978DA1312FA9}.Release|Any CPU.ActiveCfg = Release|Any CPU
		{A43EC37D-35C1-4F80-9D14-978DA1312FA9}.Release|Any CPU.Build.0 = Release|Any CPU
		{A43EC37D-35C1-4F80-9D14-978DA1312FA9}.Release|x86.ActiveCfg = Release|x86
		{A43EC37D-35C1-4F80-9D14-978DA1312FA9}.Release|x86.Build.0 = Release|x86
		{AB9A8267-9203-4DD6-86F0-9D2A1083FD2D}.Debug|Any CPU.ActiveCfg = Debug|Any CPU
		{AB9A8267-9203-4DD6-86F0-9D2A1083FD2D}.Debug|Any CPU.Build.0 = Debug|Any CPU
		{AB9A8267-9203-4DD6-86F0-9D2A1083FD2D}.Debug|x86.ActiveCfg = Debug|Any CPU
		{AB9A8267-9203-4DD6-86F0-9D2A1083FD2D}.Release|Any CPU.ActiveCfg = Release|Any CPU
		{AB9A8267-9203-4DD6-86F0-9D2A1083FD2D}.Release|Any CPU.Build.0 = Release|Any CPU
		{AB9A8267-9203-4DD6-86F0-9D2A1083FD2D}.Release|x86.ActiveCfg = Release|Any CPU
	EndGlobalSection
	GlobalSection(SolutionProperties) = preSolution
		HideSolutionNode = FALSE
	EndGlobalSection
	GlobalSection(NestedProjects) = preSolution
		{40A1F1BC-FC03-493E-85D3-C6534D35A6EC} = {91068F43-FE20-4E81-9B06-3E13FE4893B9}
		{A43EC37D-35C1-4F80-9D14-978DA1312FA9} = {EBD14366-17FF-4BB5-BE13-4BD91B2FD335}
		{AB9A8267-9203-4DD6-86F0-9D2A1083FD2D} = {EBD14366-17FF-4BB5-BE13-4BD91B2FD335}
	EndGlobalSection
EndGlobal
