
Microsoft Visual Studio Solution File, Format Version 12.00
# Visual Studio 2013
VisualStudioVersion = 12.0.31101.0
MinimumVisualStudioVersion = 10.0.40219.1
Project("{2150E333-8FDC-42A3-9474-1A3956D46DE8}") = "01 - App", "01 - App", "{F37BF843-F256-444C-8E12-FC7E2CB3B48C}"
EndProject
Project("{2150E333-8FDC-42A3-9474-1A3956D46DE8}") = "99 - Nuget", "99 - Nuget", "{2ACBA995-813F-4378-B566-8C7C53D98F51}"
EndProject
Project("{2150E333-8FDC-42A3-9474-1A3956D46DE8}") = "02 - Modules", "02 - Modules", "{26665481-DE66-4347-B69D-BD92E111DAD0}"
EndProject
Project("{2150E333-8FDC-42A3-9474-1A3956D46DE8}") = "20 - Libs", "20 - Libs", "{2F8B8BC1-5CAC-43DE-AA87-986BC6F2BE33}"
EndProject
Project("{2150E333-8FDC-42A3-9474-1A3956D46DE8}") = ".nuget", ".nuget", "{3F2B819D-A7AB-4FBB-8352-9B267A421705}"
	ProjectSection(SolutionItems) = preProject
		.nuget\NuGet.Config = .nuget\NuGet.Config
		.nuget\NuGet.exe = .nuget\NuGet.exe
		.nuget\NuGet.targets = .nuget\NuGet.targets
	EndProjectSection
EndProject
Project("{FAE04EC0-301F-11D3-BF4B-00C04F79EFBC}") = "Org.MOD", "..\..\Libs\Org.MOD\Org.MOD.csproj", "{B9316D17-0494-4338-8811-FA52A9C5F08E}"
	ProjectSection(ProjectDependencies) = postProject
		{A43EC37D-35C1-4F80-9D14-978DA1312FA9} = {A43EC37D-35C1-4F80-9D14-978DA1312FA9}
	EndProjectSection
EndProject
Project("{FAE04EC0-301F-11D3-BF4B-00C04F79EFBC}") = "Org.SF", "..\..\Libs\Org.SF\Org.SF.csproj", "{75752B95-5D39-4EE6-BB41-3555122E62B1}"
EndProject
Project("{FAE04EC0-301F-11D3-BF4B-00C04F79EFBC}") = "Org.GS", "..\..\Libs\Org.GS\Org.GS.csproj", "{A43EC37D-35C1-4F80-9D14-978DA1312FA9}"
EndProject
Project("{FAE04EC0-301F-11D3-BF4B-00C04F79EFBC}") = "Org.TP", "..\..\Libs\Org.TP\Org.TP.csproj", "{859B20F5-1182-4480-8CE5-F3A794A488B6}"
EndProject
Project("{FAE04EC0-301F-11D3-BF4B-00C04F79EFBC}") = "Org.WSO", "..\..\Libs\Org.WSO\Org.WSO.csproj", "{371D3EDF-6965-4A65-919C-C49E1546FD33}"
EndProject
Project("{FAE04EC0-301F-11D3-BF4B-00C04F79EFBC}") = "AppLauncher_Counting", "AppLauncher\AppLauncher_Counting.csproj", "{B8D9CD39-A5DC-4F31-BECA-D10B588DAD84}"
	ProjectSection(ProjectDependencies) = postProject
		{A457710E-648C-4172-AD8D-91ABFD027F2C} = {A457710E-648C-4172-AD8D-91ABFD027F2C}
		{66104F1E-63CD-421E-9BF4-62B9046BC85E} = {66104F1E-63CD-421E-9BF4-62B9046BC85E}
		{7EBA0870-C858-4105-9891-CA38F416A12E} = {7EBA0870-C858-4105-9891-CA38F416A12E}
		{3FD0A5C0-9713-44AC-9ED7-7CF90C4BDCCC} = {3FD0A5C0-9713-44AC-9ED7-7CF90C4BDCCC}
		{A92C55EB-A2BF-4239-B87B-EEBD669584C3} = {A92C55EB-A2BF-4239-B87B-EEBD669584C3}
		{859B20F5-1182-4480-8CE5-F3A794A488B6} = {859B20F5-1182-4480-8CE5-F3A794A488B6}
	EndProjectSection
EndProject
Project("{FAE04EC0-301F-11D3-BF4B-00C04F79EFBC}") = "Org.SoftwareTasks", "..\..\Libs\Org.SoftwareTasks\Org.SoftwareTasks.csproj", "{67EB185D-4458-41CF-A573-062AE37B59BD}"
EndProject
Project("{FAE04EC0-301F-11D3-BF4B-00C04F79EFBC}") = "Org.ZIP", "..\..\Libs\Org.ZIP\Org.ZIP.csproj", "{5DF092CA-0BBC-42D2-B16A-6D60C5B11F13}"
EndProject
Project("{FAE04EC0-301F-11D3-BF4B-00C04F79EFBC}") = "Org.SoftwareUpdates", "..\..\Libs\Org.SoftwareUpdates\Org.SoftwareUpdates.csproj", "{F271BA67-A649-4277-A0C2-6900FF9A8EFF}"
	ProjectSection(ProjectDependencies) = postProject
		{75752B95-5D39-4EE6-BB41-3555122E62B1} = {75752B95-5D39-4EE6-BB41-3555122E62B1}
	EndProjectSection
EndProject
Project("{FAE04EC0-301F-11D3-BF4B-00C04F79EFBC}") = "Org.Software.Business", "..\..\Libs\Org.Software.Business\Org.Software.Business.csproj", "{3FD0A5C0-9713-44AC-9ED7-7CF90C4BDCCC}"
EndProject
Project("{FAE04EC0-301F-11D3-BF4B-00C04F79EFBC}") = "Org.DB", "..\..\Libs\Org.DB\Org.DB.csproj", "{A92C55EB-A2BF-4239-B87B-EEBD669584C3}"
EndProject
Project("{FAE04EC0-301F-11D3-BF4B-00C04F79EFBC}") = "COKC.Counting.Business", "..\..\Libs\COKC.Counting.Business\COKC.Counting.Business.csproj", "{66104F1E-63CD-421E-9BF4-62B9046BC85E}"
EndProject
Project("{FAE04EC0-301F-11D3-BF4B-00C04F79EFBC}") = "Counting", "..\Counting\Counting.csproj", "{7EBA0870-C858-4105-9891-CA38F416A12E}"
	ProjectSection(ProjectDependencies) = postProject
		{66104F1E-63CD-421E-9BF4-62B9046BC85E} = {66104F1E-63CD-421E-9BF4-62B9046BC85E}
		{67EB185D-4458-41CF-A573-062AE37B59BD} = {67EB185D-4458-41CF-A573-062AE37B59BD}
		{F271BA67-A649-4277-A0C2-6900FF9A8EFF} = {F271BA67-A649-4277-A0C2-6900FF9A8EFF}
		{A43EC37D-35C1-4F80-9D14-978DA1312FA9} = {A43EC37D-35C1-4F80-9D14-978DA1312FA9}
		{75752B95-5D39-4EE6-BB41-3555122E62B1} = {75752B95-5D39-4EE6-BB41-3555122E62B1}
		{B9316D17-0494-4338-8811-FA52A9C5F08E} = {B9316D17-0494-4338-8811-FA52A9C5F08E}
		{3FD0A5C0-9713-44AC-9ED7-7CF90C4BDCCC} = {3FD0A5C0-9713-44AC-9ED7-7CF90C4BDCCC}
		{5DF092CA-0BBC-42D2-B16A-6D60C5B11F13} = {5DF092CA-0BBC-42D2-B16A-6D60C5B11F13}
		{371D3EDF-6965-4A65-919C-C49E1546FD33} = {371D3EDF-6965-4A65-919C-C49E1546FD33}
		{A92C55EB-A2BF-4239-B87B-EEBD669584C3} = {A92C55EB-A2BF-4239-B87B-EEBD669584C3}
		{859B20F5-1182-4480-8CE5-F3A794A488B6} = {859B20F5-1182-4480-8CE5-F3A794A488B6}
	EndProjectSection
EndProject
Project("{FAE04EC0-301F-11D3-BF4B-00C04F79EFBC}") = "Org.UI", "..\..\Libs\Org.UI\Org.UI.csproj", "{A457710E-648C-4172-AD8D-91ABFD027F2C}"
EndProject
Global
	GlobalSection(SolutionConfigurationPlatforms) = preSolution
		Debug|Any CPU = Debug|Any CPU
		Debug|x86 = Debug|x86
		Release|Any CPU = Release|Any CPU
		Release|x86 = Release|x86
	EndGlobalSection
	GlobalSection(ProjectConfigurationPlatforms) = postSolution
		{B9316D17-0494-4338-8811-FA52A9C5F08E}.Debug|Any CPU.ActiveCfg = Debug|Any CPU
		{B9316D17-0494-4338-8811-FA52A9C5F08E}.Debug|Any CPU.Build.0 = Debug|Any CPU
		{B9316D17-0494-4338-8811-FA52A9C5F08E}.Debug|x86.ActiveCfg = Debug|Any CPU
		{B9316D17-0494-4338-8811-FA52A9C5F08E}.Release|Any CPU.ActiveCfg = Release|Any CPU
		{B9316D17-0494-4338-8811-FA52A9C5F08E}.Release|Any CPU.Build.0 = Release|Any CPU
		{B9316D17-0494-4338-8811-FA52A9C5F08E}.Release|x86.ActiveCfg = Release|Any CPU
		{75752B95-5D39-4EE6-BB41-3555122E62B1}.Debug|Any CPU.ActiveCfg = Debug|Any CPU
		{75752B95-5D39-4EE6-BB41-3555122E62B1}.Debug|Any CPU.Build.0 = Debug|Any CPU
		{75752B95-5D39-4EE6-BB41-3555122E62B1}.Debug|x86.ActiveCfg = Debug|Any CPU
		{75752B95-5D39-4EE6-BB41-3555122E62B1}.Release|Any CPU.ActiveCfg = Release|Any CPU
		{75752B95-5D39-4EE6-BB41-3555122E62B1}.Release|Any CPU.Build.0 = Release|Any CPU
		{75752B95-5D39-4EE6-BB41-3555122E62B1}.Release|x86.ActiveCfg = Release|Any CPU
		{A43EC37D-35C1-4F80-9D14-978DA1312FA9}.Debug|Any CPU.ActiveCfg = Debug|Any CPU
		{A43EC37D-35C1-4F80-9D14-978DA1312FA9}.Debug|Any CPU.Build.0 = Debug|Any CPU
		{A43EC37D-35C1-4F80-9D14-978DA1312FA9}.Debug|x86.ActiveCfg = Debug|x86
		{A43EC37D-35C1-4F80-9D14-978DA1312FA9}.Debug|x86.Build.0 = Debug|x86
		{A43EC37D-35C1-4F80-9D14-978DA1312FA9}.Release|Any CPU.ActiveCfg = Release|Any CPU
		{A43EC37D-35C1-4F80-9D14-978DA1312FA9}.Release|Any CPU.Build.0 = Release|Any CPU
		{A43EC37D-35C1-4F80-9D14-978DA1312FA9}.Release|x86.ActiveCfg = Release|x86
		{A43EC37D-35C1-4F80-9D14-978DA1312FA9}.Release|x86.Build.0 = Release|x86
		{859B20F5-1182-4480-8CE5-F3A794A488B6}.Debug|Any CPU.ActiveCfg = Debug|Any CPU
		{859B20F5-1182-4480-8CE5-F3A794A488B6}.Debug|Any CPU.Build.0 = Debug|Any CPU
		{859B20F5-1182-4480-8CE5-F3A794A488B6}.Debug|x86.ActiveCfg = Debug|Any CPU
		{859B20F5-1182-4480-8CE5-F3A794A488B6}.Release|Any CPU.ActiveCfg = Release|Any CPU
		{859B20F5-1182-4480-8CE5-F3A794A488B6}.Release|Any CPU.Build.0 = Release|Any CPU
		{859B20F5-1182-4480-8CE5-F3A794A488B6}.Release|x86.ActiveCfg = Release|Any CPU
		{371D3EDF-6965-4A65-919C-C49E1546FD33}.Debug|Any CPU.ActiveCfg = Debug|Any CPU
		{371D3EDF-6965-4A65-919C-C49E1546FD33}.Debug|Any CPU.Build.0 = Debug|Any CPU
		{371D3EDF-6965-4A65-919C-C49E1546FD33}.Debug|x86.ActiveCfg = Debug|Any CPU
		{371D3EDF-6965-4A65-919C-C49E1546FD33}.Release|Any CPU.ActiveCfg = Release|Any CPU
		{371D3EDF-6965-4A65-919C-C49E1546FD33}.Release|Any CPU.Build.0 = Release|Any CPU
		{371D3EDF-6965-4A65-919C-C49E1546FD33}.Release|x86.ActiveCfg = Release|Any CPU
		{B8D9CD39-A5DC-4F31-BECA-D10B588DAD84}.Debug|Any CPU.ActiveCfg = Debug|Any CPU
		{B8D9CD39-A5DC-4F31-BECA-D10B588DAD84}.Debug|Any CPU.Build.0 = Debug|Any CPU
		{B8D9CD39-A5DC-4F31-BECA-D10B588DAD84}.Debug|x86.ActiveCfg = Debug|Any CPU
		{B8D9CD39-A5DC-4F31-BECA-D10B588DAD84}.Release|Any CPU.ActiveCfg = Release|Any CPU
		{B8D9CD39-A5DC-4F31-BECA-D10B588DAD84}.Release|Any CPU.Build.0 = Release|Any CPU
		{B8D9CD39-A5DC-4F31-BECA-D10B588DAD84}.Release|x86.ActiveCfg = Release|Any CPU
		{67EB185D-4458-41CF-A573-062AE37B59BD}.Debug|Any CPU.ActiveCfg = Debug|Any CPU
		{67EB185D-4458-41CF-A573-062AE37B59BD}.Debug|Any CPU.Build.0 = Debug|Any CPU
		{67EB185D-4458-41CF-A573-062AE37B59BD}.Debug|x86.ActiveCfg = Debug|Any CPU
		{67EB185D-4458-41CF-A573-062AE37B59BD}.Release|Any CPU.ActiveCfg = Release|Any CPU
		{67EB185D-4458-41CF-A573-062AE37B59BD}.Release|Any CPU.Build.0 = Release|Any CPU
		{67EB185D-4458-41CF-A573-062AE37B59BD}.Release|x86.ActiveCfg = Release|Any CPU
		{5DF092CA-0BBC-42D2-B16A-6D60C5B11F13}.Debug|Any CPU.ActiveCfg = Debug|Any CPU
		{5DF092CA-0BBC-42D2-B16A-6D60C5B11F13}.Debug|Any CPU.Build.0 = Debug|Any CPU
		{5DF092CA-0BBC-42D2-B16A-6D60C5B11F13}.Debug|x86.ActiveCfg = Debug|Any CPU
		{5DF092CA-0BBC-42D2-B16A-6D60C5B11F13}.Release|Any CPU.ActiveCfg = Release|Any CPU
		{5DF092CA-0BBC-42D2-B16A-6D60C5B11F13}.Release|Any CPU.Build.0 = Release|Any CPU
		{5DF092CA-0BBC-42D2-B16A-6D60C5B11F13}.Release|x86.ActiveCfg = Release|Any CPU
		{F271BA67-A649-4277-A0C2-6900FF9A8EFF}.Debug|Any CPU.ActiveCfg = Debug|Any CPU
		{F271BA67-A649-4277-A0C2-6900FF9A8EFF}.Debug|Any CPU.Build.0 = Debug|Any CPU
		{F271BA67-A649-4277-A0C2-6900FF9A8EFF}.Debug|x86.ActiveCfg = Debug|Any CPU
		{F271BA67-A649-4277-A0C2-6900FF9A8EFF}.Release|Any CPU.ActiveCfg = Release|Any CPU
		{F271BA67-A649-4277-A0C2-6900FF9A8EFF}.Release|Any CPU.Build.0 = Release|Any CPU
		{F271BA67-A649-4277-A0C2-6900FF9A8EFF}.Release|x86.ActiveCfg = Release|Any CPU
		{3FD0A5C0-9713-44AC-9ED7-7CF90C4BDCCC}.Debug|Any CPU.ActiveCfg = Debug|Any CPU
		{3FD0A5C0-9713-44AC-9ED7-7CF90C4BDCCC}.Debug|Any CPU.Build.0 = Debug|Any CPU
		{3FD0A5C0-9713-44AC-9ED7-7CF90C4BDCCC}.Debug|x86.ActiveCfg = Debug|Any CPU
		{3FD0A5C0-9713-44AC-9ED7-7CF90C4BDCCC}.Release|Any CPU.ActiveCfg = Release|Any CPU
		{3FD0A5C0-9713-44AC-9ED7-7CF90C4BDCCC}.Release|Any CPU.Build.0 = Release|Any CPU
		{3FD0A5C0-9713-44AC-9ED7-7CF90C4BDCCC}.Release|x86.ActiveCfg = Release|Any CPU
		{A92C55EB-A2BF-4239-B87B-EEBD669584C3}.Debug|Any CPU.ActiveCfg = Debug|Any CPU
		{A92C55EB-A2BF-4239-B87B-EEBD669584C3}.Debug|Any CPU.Build.0 = Debug|Any CPU
		{A92C55EB-A2BF-4239-B87B-EEBD669584C3}.Debug|x86.ActiveCfg = Debug|Any CPU
		{A92C55EB-A2BF-4239-B87B-EEBD669584C3}.Release|Any CPU.ActiveCfg = Release|Any CPU
		{A92C55EB-A2BF-4239-B87B-EEBD669584C3}.Release|Any CPU.Build.0 = Release|Any CPU
		{A92C55EB-A2BF-4239-B87B-EEBD669584C3}.Release|x86.ActiveCfg = Release|Any CPU
		{66104F1E-63CD-421E-9BF4-62B9046BC85E}.Debug|Any CPU.ActiveCfg = Debug|Any CPU
		{66104F1E-63CD-421E-9BF4-62B9046BC85E}.Debug|Any CPU.Build.0 = Debug|Any CPU
		{66104F1E-63CD-421E-9BF4-62B9046BC85E}.Debug|x86.ActiveCfg = Debug|Any CPU
		{66104F1E-63CD-421E-9BF4-62B9046BC85E}.Release|Any CPU.ActiveCfg = Release|Any CPU
		{66104F1E-63CD-421E-9BF4-62B9046BC85E}.Release|Any CPU.Build.0 = Release|Any CPU
		{66104F1E-63CD-421E-9BF4-62B9046BC85E}.Release|x86.ActiveCfg = Release|Any CPU
		{7EBA0870-C858-4105-9891-CA38F416A12E}.Debug|Any CPU.ActiveCfg = Debug|Any CPU
		{7EBA0870-C858-4105-9891-CA38F416A12E}.Debug|Any CPU.Build.0 = Debug|Any CPU
		{7EBA0870-C858-4105-9891-CA38F416A12E}.Debug|x86.ActiveCfg = Debug|Any CPU
		{7EBA0870-C858-4105-9891-CA38F416A12E}.Release|Any CPU.ActiveCfg = Release|Any CPU
		{7EBA0870-C858-4105-9891-CA38F416A12E}.Release|Any CPU.Build.0 = Release|Any CPU
		{7EBA0870-C858-4105-9891-CA38F416A12E}.Release|x86.ActiveCfg = Release|Any CPU
		{A457710E-648C-4172-AD8D-91ABFD027F2C}.Debug|Any CPU.ActiveCfg = Debug|Any CPU
		{A457710E-648C-4172-AD8D-91ABFD027F2C}.Debug|Any CPU.Build.0 = Debug|Any CPU
		{A457710E-648C-4172-AD8D-91ABFD027F2C}.Debug|x86.ActiveCfg = Debug|Any CPU
		{A457710E-648C-4172-AD8D-91ABFD027F2C}.Release|Any CPU.ActiveCfg = Release|Any CPU
		{A457710E-648C-4172-AD8D-91ABFD027F2C}.Release|Any CPU.Build.0 = Release|Any CPU
		{A457710E-648C-4172-AD8D-91ABFD027F2C}.Release|x86.ActiveCfg = Release|Any CPU
	EndGlobalSection
	GlobalSection(SolutionProperties) = preSolution
		HideSolutionNode = FALSE
	EndGlobalSection
	GlobalSection(NestedProjects) = preSolution
		{26665481-DE66-4347-B69D-BD92E111DAD0} = {2F8B8BC1-5CAC-43DE-AA87-986BC6F2BE33}
		{3F2B819D-A7AB-4FBB-8352-9B267A421705} = {2ACBA995-813F-4378-B566-8C7C53D98F51}
		{B9316D17-0494-4338-8811-FA52A9C5F08E} = {2F8B8BC1-5CAC-43DE-AA87-986BC6F2BE33}
		{75752B95-5D39-4EE6-BB41-3555122E62B1} = {2F8B8BC1-5CAC-43DE-AA87-986BC6F2BE33}
		{A43EC37D-35C1-4F80-9D14-978DA1312FA9} = {2F8B8BC1-5CAC-43DE-AA87-986BC6F2BE33}
		{859B20F5-1182-4480-8CE5-F3A794A488B6} = {2F8B8BC1-5CAC-43DE-AA87-986BC6F2BE33}
		{371D3EDF-6965-4A65-919C-C49E1546FD33} = {2F8B8BC1-5CAC-43DE-AA87-986BC6F2BE33}
		{B8D9CD39-A5DC-4F31-BECA-D10B588DAD84} = {F37BF843-F256-444C-8E12-FC7E2CB3B48C}
		{67EB185D-4458-41CF-A573-062AE37B59BD} = {2F8B8BC1-5CAC-43DE-AA87-986BC6F2BE33}
		{5DF092CA-0BBC-42D2-B16A-6D60C5B11F13} = {2F8B8BC1-5CAC-43DE-AA87-986BC6F2BE33}
		{F271BA67-A649-4277-A0C2-6900FF9A8EFF} = {2F8B8BC1-5CAC-43DE-AA87-986BC6F2BE33}
		{3FD0A5C0-9713-44AC-9ED7-7CF90C4BDCCC} = {2F8B8BC1-5CAC-43DE-AA87-986BC6F2BE33}
		{A92C55EB-A2BF-4239-B87B-EEBD669584C3} = {2F8B8BC1-5CAC-43DE-AA87-986BC6F2BE33}
		{66104F1E-63CD-421E-9BF4-62B9046BC85E} = {2F8B8BC1-5CAC-43DE-AA87-986BC6F2BE33}
		{7EBA0870-C858-4105-9891-CA38F416A12E} = {26665481-DE66-4347-B69D-BD92E111DAD0}
		{A457710E-648C-4172-AD8D-91ABFD027F2C} = {2F8B8BC1-5CAC-43DE-AA87-986BC6F2BE33}
	EndGlobalSection
EndGlobal
