
Microsoft Visual Studio Solution File, Format Version 12.00
# Visual Studio 2012
Project("{FAE04EC0-301F-11D3-BF4B-00C04F79EFBC}") = "EKVGen", "EKVGen\EKVGen.csproj", "{34676EB2-E6BD-4253-8C19-5AD75F097127}"
EndProject
Project("{FAE04EC0-301F-11D3-BF4B-00C04F79EFBC}") = "EKV2", "EKV2\EKV2.csproj", "{54EE7144-6CD1-4D22-BC68-5782ED9C7C2A}"
EndProject
Project("{FAE04EC0-301F-11D3-BF4B-00C04F79EFBC}") = "EKV2Gen", "..\EKV2Gen\EKV2Gen.csproj", "{FAF17D0D-2205-4C87-A226-392A30855258}"
EndProject
Project("{2150E333-8FDC-42A3-9474-1A3956D46DE8}") = "App", "App", "{0F2856A6-0F54-4B13-A95C-20EDE5610837}"
EndProject
Project("{2150E333-8FDC-42A3-9474-1A3956D46DE8}") = "Libs", "Libs", "{51E3F7B7-017D-4C57-83C1-2A979B1AF4B7}"
EndProject
Project("{FAE04EC0-301F-11D3-BF4B-00C04F79EFBC}") = "Adsdi.GS", "..\..\Shared\GS\Adsdi.GS.csproj", "{32FD6C2C-1321-4326-A246-30D73D0968D2}"
EndProject
Global
	GlobalSection(SolutionConfigurationPlatforms) = preSolution
		Debug|Any CPU = Debug|Any CPU
		Release|Any CPU = Release|Any CPU
	EndGlobalSection
	GlobalSection(ProjectConfigurationPlatforms) = postSolution
		{34676EB2-E6BD-4253-8C19-5AD75F097127}.Debug|Any CPU.ActiveCfg = Debug|Any CPU
		{34676EB2-E6BD-4253-8C19-5AD75F097127}.Debug|Any CPU.Build.0 = Debug|Any CPU
		{34676EB2-E6BD-4253-8C19-5AD75F097127}.Release|Any CPU.ActiveCfg = Release|Any CPU
		{34676EB2-E6BD-4253-8C19-5AD75F097127}.Release|Any CPU.Build.0 = Release|Any CPU
		{54EE7144-6CD1-4D22-BC68-5782ED9C7C2A}.Debug|Any CPU.ActiveCfg = Debug|Any CPU
		{54EE7144-6CD1-4D22-BC68-5782ED9C7C2A}.Debug|Any CPU.Build.0 = Debug|Any CPU
		{54EE7144-6CD1-4D22-BC68-5782ED9C7C2A}.Release|Any CPU.ActiveCfg = Release|Any CPU
		{54EE7144-6CD1-4D22-BC68-5782ED9C7C2A}.Release|Any CPU.Build.0 = Release|Any CPU
		{FAF17D0D-2205-4C87-A226-392A30855258}.Debug|Any CPU.ActiveCfg = Debug|Any CPU
		{FAF17D0D-2205-4C87-A226-392A30855258}.Debug|Any CPU.Build.0 = Debug|Any CPU
		{FAF17D0D-2205-4C87-A226-392A30855258}.Release|Any CPU.ActiveCfg = Release|Any CPU
		{FAF17D0D-2205-4C87-A226-392A30855258}.Release|Any CPU.Build.0 = Release|Any CPU
		{32FD6C2C-1321-4326-A246-30D73D0968D2}.Debug|Any CPU.ActiveCfg = Debug|Any CPU
		{32FD6C2C-1321-4326-A246-30D73D0968D2}.Debug|Any CPU.Build.0 = Debug|Any CPU
		{32FD6C2C-1321-4326-A246-30D73D0968D2}.Release|Any CPU.ActiveCfg = Release|Any CPU
		{32FD6C2C-1321-4326-A246-30D73D0968D2}.Release|Any CPU.Build.0 = Release|Any CPU
	EndGlobalSection
	GlobalSection(SolutionProperties) = preSolution
		HideSolutionNode = FALSE
	EndGlobalSection
	GlobalSection(NestedProjects) = preSolution
		{34676EB2-E6BD-4253-8C19-5AD75F097127} = {0F2856A6-0F54-4B13-A95C-20EDE5610837}
		{54EE7144-6CD1-4D22-BC68-5782ED9C7C2A} = {51E3F7B7-017D-4C57-83C1-2A979B1AF4B7}
		{FAF17D0D-2205-4C87-A226-392A30855258} = {51E3F7B7-017D-4C57-83C1-2A979B1AF4B7}
		{32FD6C2C-1321-4326-A246-30D73D0968D2} = {51E3F7B7-017D-4C57-83C1-2A979B1AF4B7}
	EndGlobalSection
EndGlobal
