
Microsoft Visual Studio Solution File, Format Version 12.00
# Visual Studio 2013
VisualStudioVersion = 12.0.31101.0
MinimumVisualStudioVersion = 10.0.40219.1
Project("{FAE04EC0-301F-11D3-BF4B-00C04F79EFBC}") = "ControlTest", "ControlTest.csproj", "{EBF1D0ED-4CA9-4A35-8A16-55141BD4A0F1}"
	ProjectSection(ProjectDependencies) = postProject
		{054CFC05-0216-4032-9C3D-AE0A0FE61B01} = {054CFC05-0216-4032-9C3D-AE0A0FE61B01}
		{A457710E-648C-4172-AD8D-91ABFD027F2C} = {A457710E-648C-4172-AD8D-91ABFD027F2C}
		{2ABC5F2B-4DB9-47E3-B9C4-B532597D37E2} = {2ABC5F2B-4DB9-47E3-B9C4-B532597D37E2}
		{A43EC37D-35C1-4F80-9D14-978DA1312FA9} = {A43EC37D-35C1-4F80-9D14-978DA1312FA9}
	EndProjectSection
EndProject
Project("{2150E333-8FDC-42A3-9474-1A3956D46DE8}") = "01 - App", "01 - App", "{70D42466-8CE6-4597-BDB1-26AB86552DDC}"
EndProject
Project("{2150E333-8FDC-42A3-9474-1A3956D46DE8}") = "20 - Libs", "20 - Libs", "{1AAC384A-D922-4087-997E-6BFB7E472132}"
EndProject
Project("{FAE04EC0-301F-11D3-BF4B-00C04F79EFBC}") = "Org.GS", "..\..\Libs\Org.GS\Org.GS.csproj", "{A43EC37D-35C1-4F80-9D14-978DA1312FA9}"
EndProject
Project("{2150E333-8FDC-42A3-9474-1A3956D46DE8}") = ".nuget", ".nuget", "{47EAB327-5A81-41A4-8AC3-4319CF0BF50D}"
	ProjectSection(SolutionItems) = preProject
		.nuget\NuGet.Config = .nuget\NuGet.Config
		.nuget\NuGet.exe = .nuget\NuGet.exe
		.nuget\NuGet.targets = .nuget\NuGet.targets
	EndProjectSection
EndProject
Project("{2150E333-8FDC-42A3-9474-1A3956D46DE8}") = "99 - Nuget", "99 - Nuget", "{CAE880B8-F652-4634-BBE1-82A252FED69A}"
EndProject
Project("{FAE04EC0-301F-11D3-BF4B-00C04F79EFBC}") = "Org.UI", "..\..\Libs\Org.UI\Org.UI.csproj", "{A457710E-648C-4172-AD8D-91ABFD027F2C}"
EndProject
Project("{FAE04EC0-301F-11D3-BF4B-00C04F79EFBC}") = "BulkTrans.Trucking.Data", "..\..\Libs\BulkTrans.Trucking.Data\BulkTrans.Trucking.Data.csproj", "{2ABC5F2B-4DB9-47E3-B9C4-B532597D37E2}"
EndProject
Project("{FAE04EC0-301F-11D3-BF4B-00C04F79EFBC}") = "BulkTrans.Trucking.BusinessObjects", "..\..\Libs\BulkTrans.Trucking.BusinessObjects\BulkTrans.Trucking.BusinessObjects.csproj", "{054CFC05-0216-4032-9C3D-AE0A0FE61B01}"
EndProject
Project("{FAE04EC0-301F-11D3-BF4B-00C04F79EFBC}") = "Org.DB", "..\..\Libs\Org.DB\Org.DB.csproj", "{A92C55EB-A2BF-4239-B87B-EEBD669584C3}"
EndProject
Project("{FAE04EC0-301F-11D3-BF4B-00C04F79EFBC}") = "Org.SF", "..\..\Libs\Org.SF\Org.SF.csproj", "{75752B95-5D39-4EE6-BB41-3555122E62B1}"
EndProject
Global
	GlobalSection(SolutionConfigurationPlatforms) = preSolution
		Debug|Any CPU = Debug|Any CPU
		Debug|x86 = Debug|x86
		Release|Any CPU = Release|Any CPU
		Release|x86 = Release|x86
	EndGlobalSection
	GlobalSection(ProjectConfigurationPlatforms) = postSolution
		{EBF1D0ED-4CA9-4A35-8A16-55141BD4A0F1}.Debug|Any CPU.ActiveCfg = Debug|Any CPU
		{EBF1D0ED-4CA9-4A35-8A16-55141BD4A0F1}.Debug|Any CPU.Build.0 = Debug|Any CPU
		{EBF1D0ED-4CA9-4A35-8A16-55141BD4A0F1}.Debug|x86.ActiveCfg = Debug|Any CPU
		{EBF1D0ED-4CA9-4A35-8A16-55141BD4A0F1}.Release|Any CPU.ActiveCfg = Release|Any CPU
		{EBF1D0ED-4CA9-4A35-8A16-55141BD4A0F1}.Release|Any CPU.Build.0 = Release|Any CPU
		{EBF1D0ED-4CA9-4A35-8A16-55141BD4A0F1}.Release|x86.ActiveCfg = Release|Any CPU
		{A43EC37D-35C1-4F80-9D14-978DA1312FA9}.Debug|Any CPU.ActiveCfg = Debug|Any CPU
		{A43EC37D-35C1-4F80-9D14-978DA1312FA9}.Debug|Any CPU.Build.0 = Debug|Any CPU
		{A43EC37D-35C1-4F80-9D14-978DA1312FA9}.Debug|x86.ActiveCfg = Debug|x86
		{A43EC37D-35C1-4F80-9D14-978DA1312FA9}.Debug|x86.Build.0 = Debug|x86
		{A43EC37D-35C1-4F80-9D14-978DA1312FA9}.Release|Any CPU.ActiveCfg = Release|Any CPU
		{A43EC37D-35C1-4F80-9D14-978DA1312FA9}.Release|Any CPU.Build.0 = Release|Any CPU
		{A43EC37D-35C1-4F80-9D14-978DA1312FA9}.Release|x86.ActiveCfg = Release|x86
		{A43EC37D-35C1-4F80-9D14-978DA1312FA9}.Release|x86.Build.0 = Release|x86
		{A457710E-648C-4172-AD8D-91ABFD027F2C}.Debug|Any CPU.ActiveCfg = Debug|Any CPU
		{A457710E-648C-4172-AD8D-91ABFD027F2C}.Debug|Any CPU.Build.0 = Debug|Any CPU
		{A457710E-648C-4172-AD8D-91ABFD027F2C}.Debug|x86.ActiveCfg = Debug|Any CPU
		{A457710E-648C-4172-AD8D-91ABFD027F2C}.Release|Any CPU.ActiveCfg = Release|Any CPU
		{A457710E-648C-4172-AD8D-91ABFD027F2C}.Release|Any CPU.Build.0 = Release|Any CPU
		{A457710E-648C-4172-AD8D-91ABFD027F2C}.Release|x86.ActiveCfg = Release|Any CPU
		{2ABC5F2B-4DB9-47E3-B9C4-B532597D37E2}.Debug|Any CPU.ActiveCfg = Debug|Any CPU
		{2ABC5F2B-4DB9-47E3-B9C4-B532597D37E2}.Debug|Any CPU.Build.0 = Debug|Any CPU
		{2ABC5F2B-4DB9-47E3-B9C4-B532597D37E2}.Debug|x86.ActiveCfg = Debug|Any CPU
		{2ABC5F2B-4DB9-47E3-B9C4-B532597D37E2}.Release|Any CPU.ActiveCfg = Release|Any CPU
		{2ABC5F2B-4DB9-47E3-B9C4-B532597D37E2}.Release|Any CPU.Build.0 = Release|Any CPU
		{2ABC5F2B-4DB9-47E3-B9C4-B532597D37E2}.Release|x86.ActiveCfg = Release|Any CPU
		{054CFC05-0216-4032-9C3D-AE0A0FE61B01}.Debug|Any CPU.ActiveCfg = Debug|Any CPU
		{054CFC05-0216-4032-9C3D-AE0A0FE61B01}.Debug|Any CPU.Build.0 = Debug|Any CPU
		{054CFC05-0216-4032-9C3D-AE0A0FE61B01}.Debug|x86.ActiveCfg = Debug|Any CPU
		{054CFC05-0216-4032-9C3D-AE0A0FE61B01}.Release|Any CPU.ActiveCfg = Release|Any CPU
		{054CFC05-0216-4032-9C3D-AE0A0FE61B01}.Release|Any CPU.Build.0 = Release|Any CPU
		{054CFC05-0216-4032-9C3D-AE0A0FE61B01}.Release|x86.ActiveCfg = Release|Any CPU
		{A92C55EB-A2BF-4239-B87B-EEBD669584C3}.Debug|Any CPU.ActiveCfg = Debug|Any CPU
		{A92C55EB-A2BF-4239-B87B-EEBD669584C3}.Debug|Any CPU.Build.0 = Debug|Any CPU
		{A92C55EB-A2BF-4239-B87B-EEBD669584C3}.Debug|x86.ActiveCfg = Debug|Any CPU
		{A92C55EB-A2BF-4239-B87B-EEBD669584C3}.Release|Any CPU.ActiveCfg = Release|Any CPU
		{A92C55EB-A2BF-4239-B87B-EEBD669584C3}.Release|Any CPU.Build.0 = Release|Any CPU
		{A92C55EB-A2BF-4239-B87B-EEBD669584C3}.Release|x86.ActiveCfg = Release|Any CPU
		{75752B95-5D39-4EE6-BB41-3555122E62B1}.Debug|Any CPU.ActiveCfg = Debug|Any CPU
		{75752B95-5D39-4EE6-BB41-3555122E62B1}.Debug|Any CPU.Build.0 = Debug|Any CPU
		{75752B95-5D39-4EE6-BB41-3555122E62B1}.Debug|x86.ActiveCfg = Debug|Any CPU
		{75752B95-5D39-4EE6-BB41-3555122E62B1}.Release|Any CPU.ActiveCfg = Release|Any CPU
		{75752B95-5D39-4EE6-BB41-3555122E62B1}.Release|Any CPU.Build.0 = Release|Any CPU
		{75752B95-5D39-4EE6-BB41-3555122E62B1}.Release|x86.ActiveCfg = Release|Any CPU
	EndGlobalSection
	GlobalSection(SolutionProperties) = preSolution
		HideSolutionNode = FALSE
	EndGlobalSection
	GlobalSection(NestedProjects) = preSolution
		{EBF1D0ED-4CA9-4A35-8A16-55141BD4A0F1} = {70D42466-8CE6-4597-BDB1-26AB86552DDC}
		{A43EC37D-35C1-4F80-9D14-978DA1312FA9} = {1AAC384A-D922-4087-997E-6BFB7E472132}
		{47EAB327-5A81-41A4-8AC3-4319CF0BF50D} = {CAE880B8-F652-4634-BBE1-82A252FED69A}
		{A457710E-648C-4172-AD8D-91ABFD027F2C} = {1AAC384A-D922-4087-997E-6BFB7E472132}
		{2ABC5F2B-4DB9-47E3-B9C4-B532597D37E2} = {1AAC384A-D922-4087-997E-6BFB7E472132}
		{054CFC05-0216-4032-9C3D-AE0A0FE61B01} = {1AAC384A-D922-4087-997E-6BFB7E472132}
		{A92C55EB-A2BF-4239-B87B-EEBD669584C3} = {1AAC384A-D922-4087-997E-6BFB7E472132}
		{75752B95-5D39-4EE6-BB41-3555122E62B1} = {1AAC384A-D922-4087-997E-6BFB7E472132}
	EndGlobalSection
EndGlobal
