
Microsoft Visual Studio Solution File, Format Version 12.00
# Visual Studio 2013
VisualStudioVersion = 12.0.30723.0
MinimumVisualStudioVersion = 10.0.40219.1
Project("{FAE04EC0-301F-11D3-BF4B-00C04F79EFBC}") = "RPTest", "RPTest.csproj", "{CA486A72-E4CF-4093-AAB5-0BC88313017A}"
	ProjectSection(ProjectDependencies) = postProject
		{67EB185D-4458-41CF-A573-062AE37B59BD} = {67EB185D-4458-41CF-A573-062AE37B59BD}
		{3FD0A5C0-9713-44AC-9ED7-7CF90C4BDCCC} = {3FD0A5C0-9713-44AC-9ED7-7CF90C4BDCCC}
		{A92C55EB-A2BF-4239-B87B-EEBD669584C3} = {A92C55EB-A2BF-4239-B87B-EEBD669584C3}
	EndProjectSection
EndProject
Project("{2150E333-8FDC-42A3-9474-1A3956D46DE8}") = "01 - App", "01 - App", "{CB9AC0F4-1F7D-423E-AC01-1CF600721DA1}"
EndProject
Project("{2150E333-8FDC-42A3-9474-1A3956D46DE8}") = "20 - Libs", "20 - Libs", "{30FA23E5-6233-47C7-9D64-CB01C0218FB7}"
EndProject
Project("{FAE04EC0-301F-11D3-BF4B-00C04F79EFBC}") = "Org.GS", "..\..\Libs\Org.GS\Org.GS.csproj", "{A43EC37D-35C1-4F80-9D14-978DA1312FA9}"
EndProject
Project("{FAE04EC0-301F-11D3-BF4B-00C04F79EFBC}") = "Org.WSO", "..\..\Libs\Org.WSO\Org.WSO.csproj", "{371D3EDF-6965-4A65-919C-C49E1546FD33}"
EndProject
Project("{FAE04EC0-301F-11D3-BF4B-00C04F79EFBC}") = "Org.SoftwareTasks", "..\..\Libs\Org.SoftwareTasks\Org.SoftwareTasks.csproj", "{67EB185D-4458-41CF-A573-062AE37B59BD}"
EndProject
Project("{FAE04EC0-301F-11D3-BF4B-00C04F79EFBC}") = "Org.Software.Business", "..\..\Libs\Org.Software.Business\Org.Software.Business.csproj", "{3FD0A5C0-9713-44AC-9ED7-7CF90C4BDCCC}"
EndProject
Project("{FAE04EC0-301F-11D3-BF4B-00C04F79EFBC}") = "Org.DB", "..\..\Libs\Org.DB\Org.DB.csproj", "{A92C55EB-A2BF-4239-B87B-EEBD669584C3}"
EndProject
Project("{2150E333-8FDC-42A3-9474-1A3956D46DE8}") = "99 - Nuget", "99 - Nuget", "{091BFC38-2B70-40A2-AB03-9570F72C206D}"
EndProject
Project("{2150E333-8FDC-42A3-9474-1A3956D46DE8}") = ".nuget", ".nuget", "{60DD6006-9EBE-46A0-8A43-E44D6787597F}"
	ProjectSection(SolutionItems) = preProject
		.nuget\NuGet.Config = .nuget\NuGet.Config
		.nuget\NuGet.exe = .nuget\NuGet.exe
		.nuget\NuGet.targets = .nuget\NuGet.targets
	EndProjectSection
EndProject
Global
	GlobalSection(SolutionConfigurationPlatforms) = preSolution
		Debug|Any CPU = Debug|Any CPU
		Debug|x86 = Debug|x86
		Release|Any CPU = Release|Any CPU
		Release|x86 = Release|x86
	EndGlobalSection
	GlobalSection(ProjectConfigurationPlatforms) = postSolution
		{CA486A72-E4CF-4093-AAB5-0BC88313017A}.Debug|Any CPU.ActiveCfg = Debug|Any CPU
		{CA486A72-E4CF-4093-AAB5-0BC88313017A}.Debug|Any CPU.Build.0 = Debug|Any CPU
		{CA486A72-E4CF-4093-AAB5-0BC88313017A}.Debug|x86.ActiveCfg = Debug|Any CPU
		{CA486A72-E4CF-4093-AAB5-0BC88313017A}.Release|Any CPU.ActiveCfg = Release|Any CPU
		{CA486A72-E4CF-4093-AAB5-0BC88313017A}.Release|Any CPU.Build.0 = Release|Any CPU
		{CA486A72-E4CF-4093-AAB5-0BC88313017A}.Release|x86.ActiveCfg = Release|Any CPU
		{A43EC37D-35C1-4F80-9D14-978DA1312FA9}.Debug|Any CPU.ActiveCfg = Debug|Any CPU
		{A43EC37D-35C1-4F80-9D14-978DA1312FA9}.Debug|Any CPU.Build.0 = Debug|Any CPU
		{A43EC37D-35C1-4F80-9D14-978DA1312FA9}.Debug|x86.ActiveCfg = Debug|x86
		{A43EC37D-35C1-4F80-9D14-978DA1312FA9}.Debug|x86.Build.0 = Debug|x86
		{A43EC37D-35C1-4F80-9D14-978DA1312FA9}.Release|Any CPU.ActiveCfg = Release|Any CPU
		{A43EC37D-35C1-4F80-9D14-978DA1312FA9}.Release|Any CPU.Build.0 = Release|Any CPU
		{A43EC37D-35C1-4F80-9D14-978DA1312FA9}.Release|x86.ActiveCfg = Release|x86
		{A43EC37D-35C1-4F80-9D14-978DA1312FA9}.Release|x86.Build.0 = Release|x86
		{371D3EDF-6965-4A65-919C-C49E1546FD33}.Debug|Any CPU.ActiveCfg = Debug|Any CPU
		{371D3EDF-6965-4A65-919C-C49E1546FD33}.Debug|Any CPU.Build.0 = Debug|Any CPU
		{371D3EDF-6965-4A65-919C-C49E1546FD33}.Debug|x86.ActiveCfg = Debug|Any CPU
		{371D3EDF-6965-4A65-919C-C49E1546FD33}.Release|Any CPU.ActiveCfg = Release|Any CPU
		{371D3EDF-6965-4A65-919C-C49E1546FD33}.Release|Any CPU.Build.0 = Release|Any CPU
		{371D3EDF-6965-4A65-919C-C49E1546FD33}.Release|x86.ActiveCfg = Release|Any CPU
		{67EB185D-4458-41CF-A573-062AE37B59BD}.Debug|Any CPU.ActiveCfg = Debug|Any CPU
		{67EB185D-4458-41CF-A573-062AE37B59BD}.Debug|Any CPU.Build.0 = Debug|Any CPU
		{67EB185D-4458-41CF-A573-062AE37B59BD}.Debug|x86.ActiveCfg = Debug|Any CPU
		{67EB185D-4458-41CF-A573-062AE37B59BD}.Release|Any CPU.ActiveCfg = Release|Any CPU
		{67EB185D-4458-41CF-A573-062AE37B59BD}.Release|Any CPU.Build.0 = Release|Any CPU
		{67EB185D-4458-41CF-A573-062AE37B59BD}.Release|x86.ActiveCfg = Release|Any CPU
		{3FD0A5C0-9713-44AC-9ED7-7CF90C4BDCCC}.Debug|Any CPU.ActiveCfg = Debug|Any CPU
		{3FD0A5C0-9713-44AC-9ED7-7CF90C4BDCCC}.Debug|Any CPU.Build.0 = Debug|Any CPU
		{3FD0A5C0-9713-44AC-9ED7-7CF90C4BDCCC}.Debug|x86.ActiveCfg = Debug|Any CPU
		{3FD0A5C0-9713-44AC-9ED7-7CF90C4BDCCC}.Release|Any CPU.ActiveCfg = Release|Any CPU
		{3FD0A5C0-9713-44AC-9ED7-7CF90C4BDCCC}.Release|Any CPU.Build.0 = Release|Any CPU
		{3FD0A5C0-9713-44AC-9ED7-7CF90C4BDCCC}.Release|x86.ActiveCfg = Release|Any CPU
		{A92C55EB-A2BF-4239-B87B-EEBD669584C3}.Debug|Any CPU.ActiveCfg = Debug|Any CPU
		{A92C55EB-A2BF-4239-B87B-EEBD669584C3}.Debug|Any CPU.Build.0 = Debug|Any CPU
		{A92C55EB-A2BF-4239-B87B-EEBD669584C3}.Debug|x86.ActiveCfg = Debug|Any CPU
		{A92C55EB-A2BF-4239-B87B-EEBD669584C3}.Release|Any CPU.ActiveCfg = Release|Any CPU
		{A92C55EB-A2BF-4239-B87B-EEBD669584C3}.Release|Any CPU.Build.0 = Release|Any CPU
		{A92C55EB-A2BF-4239-B87B-EEBD669584C3}.Release|x86.ActiveCfg = Release|Any CPU
	EndGlobalSection
	GlobalSection(SolutionProperties) = preSolution
		HideSolutionNode = FALSE
	EndGlobalSection
	GlobalSection(NestedProjects) = preSolution
		{CA486A72-E4CF-4093-AAB5-0BC88313017A} = {CB9AC0F4-1F7D-423E-AC01-1CF600721DA1}
		{A43EC37D-35C1-4F80-9D14-978DA1312FA9} = {30FA23E5-6233-47C7-9D64-CB01C0218FB7}
		{371D3EDF-6965-4A65-919C-C49E1546FD33} = {30FA23E5-6233-47C7-9D64-CB01C0218FB7}
		{67EB185D-4458-41CF-A573-062AE37B59BD} = {30FA23E5-6233-47C7-9D64-CB01C0218FB7}
		{3FD0A5C0-9713-44AC-9ED7-7CF90C4BDCCC} = {30FA23E5-6233-47C7-9D64-CB01C0218FB7}
		{A92C55EB-A2BF-4239-B87B-EEBD669584C3} = {30FA23E5-6233-47C7-9D64-CB01C0218FB7}
		{60DD6006-9EBE-46A0-8A43-E44D6787597F} = {091BFC38-2B70-40A2-AB03-9570F72C206D}
	EndGlobalSection
EndGlobal
