
Microsoft Visual Studio Solution File, Format Version 12.00
# Visual Studio 2013
VisualStudioVersion = 12.0.40629.0
MinimumVisualStudioVersion = 10.0.40219.1
Project("{FAE04EC0-301F-11D3-BF4B-00C04F79EFBC}") = "GraphicReportTest", "GraphicReportTest.csproj", "{2AB05C26-1D53-421C-BD9F-13554BBE3BE6}"
EndProject
Project("{2150E333-8FDC-42A3-9474-1A3956D46DE8}") = "01 - App", "01 - App", "{0C2349C0-9258-4769-94BB-67540D84126E}"
EndProject
Project("{2150E333-8FDC-42A3-9474-1A3956D46DE8}") = "20 - Libs", "20 - Libs", "{B5303C78-7E0D-4594-B30A-AB7AB9C41C5F}"
EndProject
Project("{FAE04EC0-301F-11D3-BF4B-00C04F79EFBC}") = "Org.GraphicReports", "..\..\Libs\Org.GraphicReports\Org.GraphicReports.csproj", "{8D227189-9325-46CA-8CE1-C6F3DFCB9DD2}"
EndProject
Project("{FAE04EC0-301F-11D3-BF4B-00C04F79EFBC}") = "Org.Dx.Business", "..\..\Libs\Org.Dx.Business\Org.Dx.Business.csproj", "{9FC01483-94A8-407B-AA5B-142390345FDF}"
EndProject
Project("{FAE04EC0-301F-11D3-BF4B-00C04F79EFBC}") = "Org.GS", "..\..\Libs\Org.GS\Org.GS.csproj", "{A43EC37D-35C1-4F80-9D14-978DA1312FA9}"
EndProject
Project("{FAE04EC0-301F-11D3-BF4B-00C04F79EFBC}") = "Org.WSO", "..\..\Libs\Org.WSO\Org.WSO.csproj", "{371D3EDF-6965-4A65-919C-C49E1546FD33}"
EndProject
Project("{2150E333-8FDC-42A3-9474-1A3956D46DE8}") = ".nuget", ".nuget", "{CEB29BB8-362D-4EC8-ACA4-A901BC0CAB2B}"
	ProjectSection(SolutionItems) = preProject
		.nuget\NuGet.Config = .nuget\NuGet.Config
		.nuget\NuGet.exe = .nuget\NuGet.exe
		.nuget\NuGet.targets = .nuget\NuGet.targets
	EndProjectSection
EndProject
Project("{2150E333-8FDC-42A3-9474-1A3956D46DE8}") = "99 - Nuget", "99 - Nuget", "{67E10638-473D-42F2-A20F-8302513BD325}"
EndProject
Global
	GlobalSection(SolutionConfigurationPlatforms) = preSolution
		Debug|Any CPU = Debug|Any CPU
		Debug|x86 = Debug|x86
		Release|Any CPU = Release|Any CPU
		Release|x86 = Release|x86
	EndGlobalSection
	GlobalSection(ProjectConfigurationPlatforms) = postSolution
		{2AB05C26-1D53-421C-BD9F-13554BBE3BE6}.Debug|Any CPU.ActiveCfg = Debug|Any CPU
		{2AB05C26-1D53-421C-BD9F-13554BBE3BE6}.Debug|Any CPU.Build.0 = Debug|Any CPU
		{2AB05C26-1D53-421C-BD9F-13554BBE3BE6}.Debug|x86.ActiveCfg = Debug|Any CPU
		{2AB05C26-1D53-421C-BD9F-13554BBE3BE6}.Release|Any CPU.ActiveCfg = Release|Any CPU
		{2AB05C26-1D53-421C-BD9F-13554BBE3BE6}.Release|Any CPU.Build.0 = Release|Any CPU
		{2AB05C26-1D53-421C-BD9F-13554BBE3BE6}.Release|x86.ActiveCfg = Release|Any CPU
		{8D227189-9325-46CA-8CE1-C6F3DFCB9DD2}.Debug|Any CPU.ActiveCfg = Debug|Any CPU
		{8D227189-9325-46CA-8CE1-C6F3DFCB9DD2}.Debug|Any CPU.Build.0 = Debug|Any CPU
		{8D227189-9325-46CA-8CE1-C6F3DFCB9DD2}.Debug|x86.ActiveCfg = Debug|Any CPU
		{8D227189-9325-46CA-8CE1-C6F3DFCB9DD2}.Release|Any CPU.ActiveCfg = Release|Any CPU
		{8D227189-9325-46CA-8CE1-C6F3DFCB9DD2}.Release|Any CPU.Build.0 = Release|Any CPU
		{8D227189-9325-46CA-8CE1-C6F3DFCB9DD2}.Release|x86.ActiveCfg = Release|Any CPU
		{9FC01483-94A8-407B-AA5B-142390345FDF}.Debug|Any CPU.ActiveCfg = Debug|Any CPU
		{9FC01483-94A8-407B-AA5B-142390345FDF}.Debug|Any CPU.Build.0 = Debug|Any CPU
		{9FC01483-94A8-407B-AA5B-142390345FDF}.Debug|x86.ActiveCfg = Debug|Any CPU
		{9FC01483-94A8-407B-AA5B-142390345FDF}.Release|Any CPU.ActiveCfg = Release|Any CPU
		{9FC01483-94A8-407B-AA5B-142390345FDF}.Release|Any CPU.Build.0 = Release|Any CPU
		{9FC01483-94A8-407B-AA5B-142390345FDF}.Release|x86.ActiveCfg = Release|Any CPU
		{A43EC37D-35C1-4F80-9D14-978DA1312FA9}.Debug|Any CPU.ActiveCfg = Debug|Any CPU
		{A43EC37D-35C1-4F80-9D14-978DA1312FA9}.Debug|Any CPU.Build.0 = Debug|Any CPU
		{A43EC37D-35C1-4F80-9D14-978DA1312FA9}.Debug|x86.ActiveCfg = Debug|x86
		{A43EC37D-35C1-4F80-9D14-978DA1312FA9}.Debug|x86.Build.0 = Debug|x86
		{A43EC37D-35C1-4F80-9D14-978DA1312FA9}.Release|Any CPU.ActiveCfg = Release|Any CPU
		{A43EC37D-35C1-4F80-9D14-978DA1312FA9}.Release|Any CPU.Build.0 = Release|Any CPU
		{A43EC37D-35C1-4F80-9D14-978DA1312FA9}.Release|x86.ActiveCfg = Release|x86
		{A43EC37D-35C1-4F80-9D14-978DA1312FA9}.Release|x86.Build.0 = Release|x86
		{371D3EDF-6965-4A65-919C-C49E1546FD33}.Debug|Any CPU.ActiveCfg = Debug|Any CPU
		{371D3EDF-6965-4A65-919C-C49E1546FD33}.Debug|Any CPU.Build.0 = Debug|Any CPU
		{371D3EDF-6965-4A65-919C-C49E1546FD33}.Debug|x86.ActiveCfg = Debug|Any CPU
		{371D3EDF-6965-4A65-919C-C49E1546FD33}.Release|Any CPU.ActiveCfg = Release|Any CPU
		{371D3EDF-6965-4A65-919C-C49E1546FD33}.Release|Any CPU.Build.0 = Release|Any CPU
		{371D3EDF-6965-4A65-919C-C49E1546FD33}.Release|x86.ActiveCfg = Release|Any CPU
	EndGlobalSection
	GlobalSection(SolutionProperties) = preSolution
		HideSolutionNode = FALSE
	EndGlobalSection
	GlobalSection(NestedProjects) = preSolution
		{2AB05C26-1D53-421C-BD9F-13554BBE3BE6} = {0C2349C0-9258-4769-94BB-67540D84126E}
		{8D227189-9325-46CA-8CE1-C6F3DFCB9DD2} = {B5303C78-7E0D-4594-B30A-AB7AB9C41C5F}
		{9FC01483-94A8-407B-AA5B-142390345FDF} = {B5303C78-7E0D-4594-B30A-AB7AB9C41C5F}
		{A43EC37D-35C1-4F80-9D14-978DA1312FA9} = {B5303C78-7E0D-4594-B30A-AB7AB9C41C5F}
		{371D3EDF-6965-4A65-919C-C49E1546FD33} = {B5303C78-7E0D-4594-B30A-AB7AB9C41C5F}
		{CEB29BB8-362D-4EC8-ACA4-A901BC0CAB2B} = {67E10638-473D-42F2-A20F-8302513BD325}
	EndGlobalSection
EndGlobal
