
Microsoft Visual Studio Solution File, Format Version 12.00
# Visual Studio 2013
VisualStudioVersion = 12.0.40629.0
MinimumVisualStudioVersion = 10.0.40219.1
Project("{FAE04EC0-301F-11D3-BF4B-00C04F79EFBC}") = "WebSvcTest", "WebSvcTest.csproj", "{D11185A7-7A68-42B7-B789-1E338CA56448}"
	ProjectSection(ProjectDependencies) = postProject
		{892A5EAD-9086-4344-902D-524A17D06F8B} = {892A5EAD-9086-4344-902D-524A17D06F8B}
		{3FD0A5C0-9713-44AC-9ED7-7CF90C4BDCCC} = {3FD0A5C0-9713-44AC-9ED7-7CF90C4BDCCC}
	EndProjectSection
EndProject
Project("{2150E333-8FDC-42A3-9474-1A3956D46DE8}") = "01 - App", "01 - App", "{1055879D-1A40-4DF8-93D2-AA16E208EFEE}"
EndProject
Project("{2150E333-8FDC-42A3-9474-1A3956D46DE8}") = "10 - Libs", "10 - Libs", "{A6356B44-DED8-401F-B1A9-B97B43424FE2}"
EndProject
Project("{2150E333-8FDC-42A3-9474-1A3956D46DE8}") = ".nuget", ".nuget", "{5282D6CB-E459-45CA-B0FA-A8CBA2FF0022}"
	ProjectSection(SolutionItems) = preProject
		.nuget\NuGet.Config = .nuget\NuGet.Config
		.nuget\NuGet.exe = .nuget\NuGet.exe
		.nuget\NuGet.targets = .nuget\NuGet.targets
	EndProjectSection
EndProject
Project("{2150E333-8FDC-42A3-9474-1A3956D46DE8}") = "99 - Nuget", "99 - Nuget", "{41E39AF3-EEFD-44A5-9FAB-F84349156263}"
EndProject
Project("{FAE04EC0-301F-11D3-BF4B-00C04F79EFBC}") = "Org.GS", "..\..\Libs\Org.GS\Org.GS.csproj", "{A43EC37D-35C1-4F80-9D14-978DA1312FA9}"
EndProject
Project("{FAE04EC0-301F-11D3-BF4B-00C04F79EFBC}") = "Org.TP", "..\..\Libs\Org.TP\Org.TP.csproj", "{859B20F5-1182-4480-8CE5-F3A794A488B6}"
EndProject
Project("{FAE04EC0-301F-11D3-BF4B-00C04F79EFBC}") = "Org.WSO", "..\..\Libs\Org.WSO\Org.WSO.csproj", "{371D3EDF-6965-4A65-919C-C49E1546FD33}"
EndProject
Project("{FAE04EC0-301F-11D3-BF4B-00C04F79EFBC}") = "Org.ZIP", "..\..\Libs\Org.ZIP\Org.ZIP.csproj", "{5DF092CA-0BBC-42D2-B16A-6D60C5B11F13}"
EndProject
Project("{FAE04EC0-301F-11D3-BF4B-00C04F79EFBC}") = "Org.SoftwareTasks", "..\..\Libs\Org.SoftwareTasks\Org.SoftwareTasks.csproj", "{67EB185D-4458-41CF-A573-062AE37B59BD}"
EndProject
Project("{FAE04EC0-301F-11D3-BF4B-00C04F79EFBC}") = "Org.DB", "..\..\Libs\Org.DB\Org.DB.csproj", "{A92C55EB-A2BF-4239-B87B-EEBD669584C3}"
EndProject
Project("{FAE04EC0-301F-11D3-BF4B-00C04F79EFBC}") = "Org.Software.Business", "..\..\Libs\Org.Software.Business\Org.Software.Business.csproj", "{3FD0A5C0-9713-44AC-9ED7-7CF90C4BDCCC}"
EndProject
Project("{FAE04EC0-301F-11D3-BF4B-00C04F79EFBC}") = "Org.Software.Data", "..\..\Libs\Org.Software.Data\Org.Software.Data.csproj", "{892A5EAD-9086-4344-902D-524A17D06F8B}"
EndProject
Project("{FAE04EC0-301F-11D3-BF4B-00C04F79EFBC}") = "Org.Dx.Business", "..\..\Libs\Org.Dx.Business\Org.Dx.Business.csproj", "{9FC01483-94A8-407B-AA5B-142390345FDF}"
EndProject
Project("{FAE04EC0-301F-11D3-BF4B-00C04F79EFBC}") = "Org.Notify", "..\..\Libs\Org.Notify\Org.Notify.csproj", "{AF48A2F1-1FF5-4BDD-8590-DBD874E638E1}"
EndProject
Global
	GlobalSection(SolutionConfigurationPlatforms) = preSolution
		Debug|Any CPU = Debug|Any CPU
		Debug|x86 = Debug|x86
		Release|Any CPU = Release|Any CPU
		Release|x86 = Release|x86
	EndGlobalSection
	GlobalSection(ProjectConfigurationPlatforms) = postSolution
		{D11185A7-7A68-42B7-B789-1E338CA56448}.Debug|Any CPU.ActiveCfg = Debug|Any CPU
		{D11185A7-7A68-42B7-B789-1E338CA56448}.Debug|Any CPU.Build.0 = Debug|Any CPU
		{D11185A7-7A68-42B7-B789-1E338CA56448}.Debug|x86.ActiveCfg = Debug|Any CPU
		{D11185A7-7A68-42B7-B789-1E338CA56448}.Release|Any CPU.ActiveCfg = Release|Any CPU
		{D11185A7-7A68-42B7-B789-1E338CA56448}.Release|Any CPU.Build.0 = Release|Any CPU
		{D11185A7-7A68-42B7-B789-1E338CA56448}.Release|x86.ActiveCfg = Release|Any CPU
		{A43EC37D-35C1-4F80-9D14-978DA1312FA9}.Debug|Any CPU.ActiveCfg = Debug|Any CPU
		{A43EC37D-35C1-4F80-9D14-978DA1312FA9}.Debug|Any CPU.Build.0 = Debug|Any CPU
		{A43EC37D-35C1-4F80-9D14-978DA1312FA9}.Debug|x86.ActiveCfg = Debug|x86
		{A43EC37D-35C1-4F80-9D14-978DA1312FA9}.Debug|x86.Build.0 = Debug|x86
		{A43EC37D-35C1-4F80-9D14-978DA1312FA9}.Release|Any CPU.ActiveCfg = Release|Any CPU
		{A43EC37D-35C1-4F80-9D14-978DA1312FA9}.Release|Any CPU.Build.0 = Release|Any CPU
		{A43EC37D-35C1-4F80-9D14-978DA1312FA9}.Release|x86.ActiveCfg = Release|x86
		{A43EC37D-35C1-4F80-9D14-978DA1312FA9}.Release|x86.Build.0 = Release|x86
		{859B20F5-1182-4480-8CE5-F3A794A488B6}.Debug|Any CPU.ActiveCfg = Debug|Any CPU
		{859B20F5-1182-4480-8CE5-F3A794A488B6}.Debug|Any CPU.Build.0 = Debug|Any CPU
		{859B20F5-1182-4480-8CE5-F3A794A488B6}.Debug|x86.ActiveCfg = Debug|Any CPU
		{859B20F5-1182-4480-8CE5-F3A794A488B6}.Release|Any CPU.ActiveCfg = Release|Any CPU
		{859B20F5-1182-4480-8CE5-F3A794A488B6}.Release|Any CPU.Build.0 = Release|Any CPU
		{859B20F5-1182-4480-8CE5-F3A794A488B6}.Release|x86.ActiveCfg = Release|Any CPU
		{371D3EDF-6965-4A65-919C-C49E1546FD33}.Debug|Any CPU.ActiveCfg = Debug|Any CPU
		{371D3EDF-6965-4A65-919C-C49E1546FD33}.Debug|Any CPU.Build.0 = Debug|Any CPU
		{371D3EDF-6965-4A65-919C-C49E1546FD33}.Debug|x86.ActiveCfg = Debug|Any CPU
		{371D3EDF-6965-4A65-919C-C49E1546FD33}.Release|Any CPU.ActiveCfg = Release|Any CPU
		{371D3EDF-6965-4A65-919C-C49E1546FD33}.Release|Any CPU.Build.0 = Release|Any CPU
		{371D3EDF-6965-4A65-919C-C49E1546FD33}.Release|x86.ActiveCfg = Release|Any CPU
		{5DF092CA-0BBC-42D2-B16A-6D60C5B11F13}.Debug|Any CPU.ActiveCfg = Debug|Any CPU
		{5DF092CA-0BBC-42D2-B16A-6D60C5B11F13}.Debug|Any CPU.Build.0 = Debug|Any CPU
		{5DF092CA-0BBC-42D2-B16A-6D60C5B11F13}.Debug|x86.ActiveCfg = Debug|Any CPU
		{5DF092CA-0BBC-42D2-B16A-6D60C5B11F13}.Release|Any CPU.ActiveCfg = Release|Any CPU
		{5DF092CA-0BBC-42D2-B16A-6D60C5B11F13}.Release|Any CPU.Build.0 = Release|Any CPU
		{5DF092CA-0BBC-42D2-B16A-6D60C5B11F13}.Release|x86.ActiveCfg = Release|Any CPU
		{67EB185D-4458-41CF-A573-062AE37B59BD}.Debug|Any CPU.ActiveCfg = Debug|Any CPU
		{67EB185D-4458-41CF-A573-062AE37B59BD}.Debug|Any CPU.Build.0 = Debug|Any CPU
		{67EB185D-4458-41CF-A573-062AE37B59BD}.Debug|x86.ActiveCfg = Debug|Any CPU
		{67EB185D-4458-41CF-A573-062AE37B59BD}.Release|Any CPU.ActiveCfg = Release|Any CPU
		{67EB185D-4458-41CF-A573-062AE37B59BD}.Release|Any CPU.Build.0 = Release|Any CPU
		{67EB185D-4458-41CF-A573-062AE37B59BD}.Release|x86.ActiveCfg = Release|Any CPU
		{A92C55EB-A2BF-4239-B87B-EEBD669584C3}.Debug|Any CPU.ActiveCfg = Debug|Any CPU
		{A92C55EB-A2BF-4239-B87B-EEBD669584C3}.Debug|Any CPU.Build.0 = Debug|Any CPU
		{A92C55EB-A2BF-4239-B87B-EEBD669584C3}.Debug|x86.ActiveCfg = Debug|Any CPU
		{A92C55EB-A2BF-4239-B87B-EEBD669584C3}.Release|Any CPU.ActiveCfg = Release|Any CPU
		{A92C55EB-A2BF-4239-B87B-EEBD669584C3}.Release|Any CPU.Build.0 = Release|Any CPU
		{A92C55EB-A2BF-4239-B87B-EEBD669584C3}.Release|x86.ActiveCfg = Release|Any CPU
		{3FD0A5C0-9713-44AC-9ED7-7CF90C4BDCCC}.Debug|Any CPU.ActiveCfg = Debug|Any CPU
		{3FD0A5C0-9713-44AC-9ED7-7CF90C4BDCCC}.Debug|Any CPU.Build.0 = Debug|Any CPU
		{3FD0A5C0-9713-44AC-9ED7-7CF90C4BDCCC}.Debug|x86.ActiveCfg = Debug|Any CPU
		{3FD0A5C0-9713-44AC-9ED7-7CF90C4BDCCC}.Release|Any CPU.ActiveCfg = Release|Any CPU
		{3FD0A5C0-9713-44AC-9ED7-7CF90C4BDCCC}.Release|Any CPU.Build.0 = Release|Any CPU
		{3FD0A5C0-9713-44AC-9ED7-7CF90C4BDCCC}.Release|x86.ActiveCfg = Release|Any CPU
		{892A5EAD-9086-4344-902D-524A17D06F8B}.Debug|Any CPU.ActiveCfg = Debug|Any CPU
		{892A5EAD-9086-4344-902D-524A17D06F8B}.Debug|Any CPU.Build.0 = Debug|Any CPU
		{892A5EAD-9086-4344-902D-524A17D06F8B}.Debug|x86.ActiveCfg = Debug|Any CPU
		{892A5EAD-9086-4344-902D-524A17D06F8B}.Release|Any CPU.ActiveCfg = Release|Any CPU
		{892A5EAD-9086-4344-902D-524A17D06F8B}.Release|Any CPU.Build.0 = Release|Any CPU
		{892A5EAD-9086-4344-902D-524A17D06F8B}.Release|x86.ActiveCfg = Release|Any CPU
		{9FC01483-94A8-407B-AA5B-142390345FDF}.Debug|Any CPU.ActiveCfg = Debug|Any CPU
		{9FC01483-94A8-407B-AA5B-142390345FDF}.Debug|Any CPU.Build.0 = Debug|Any CPU
		{9FC01483-94A8-407B-AA5B-142390345FDF}.Debug|x86.ActiveCfg = Debug|Any CPU
		{9FC01483-94A8-407B-AA5B-142390345FDF}.Release|Any CPU.ActiveCfg = Release|Any CPU
		{9FC01483-94A8-407B-AA5B-142390345FDF}.Release|Any CPU.Build.0 = Release|Any CPU
		{9FC01483-94A8-407B-AA5B-142390345FDF}.Release|x86.ActiveCfg = Release|Any CPU
		{AF48A2F1-1FF5-4BDD-8590-DBD874E638E1}.Debug|Any CPU.ActiveCfg = Debug|Any CPU
		{AF48A2F1-1FF5-4BDD-8590-DBD874E638E1}.Debug|Any CPU.Build.0 = Debug|Any CPU
		{AF48A2F1-1FF5-4BDD-8590-DBD874E638E1}.Debug|x86.ActiveCfg = Debug|Any CPU
		{AF48A2F1-1FF5-4BDD-8590-DBD874E638E1}.Release|Any CPU.ActiveCfg = Release|Any CPU
		{AF48A2F1-1FF5-4BDD-8590-DBD874E638E1}.Release|Any CPU.Build.0 = Release|Any CPU
		{AF48A2F1-1FF5-4BDD-8590-DBD874E638E1}.Release|x86.ActiveCfg = Release|Any CPU
	EndGlobalSection
	GlobalSection(SolutionProperties) = preSolution
		HideSolutionNode = FALSE
	EndGlobalSection
	GlobalSection(NestedProjects) = preSolution
		{D11185A7-7A68-42B7-B789-1E338CA56448} = {1055879D-1A40-4DF8-93D2-AA16E208EFEE}
		{5282D6CB-E459-45CA-B0FA-A8CBA2FF0022} = {41E39AF3-EEFD-44A5-9FAB-F84349156263}
		{A43EC37D-35C1-4F80-9D14-978DA1312FA9} = {A6356B44-DED8-401F-B1A9-B97B43424FE2}
		{859B20F5-1182-4480-8CE5-F3A794A488B6} = {A6356B44-DED8-401F-B1A9-B97B43424FE2}
		{371D3EDF-6965-4A65-919C-C49E1546FD33} = {A6356B44-DED8-401F-B1A9-B97B43424FE2}
		{5DF092CA-0BBC-42D2-B16A-6D60C5B11F13} = {A6356B44-DED8-401F-B1A9-B97B43424FE2}
		{67EB185D-4458-41CF-A573-062AE37B59BD} = {A6356B44-DED8-401F-B1A9-B97B43424FE2}
		{A92C55EB-A2BF-4239-B87B-EEBD669584C3} = {A6356B44-DED8-401F-B1A9-B97B43424FE2}
		{3FD0A5C0-9713-44AC-9ED7-7CF90C4BDCCC} = {A6356B44-DED8-401F-B1A9-B97B43424FE2}
		{892A5EAD-9086-4344-902D-524A17D06F8B} = {A6356B44-DED8-401F-B1A9-B97B43424FE2}
		{9FC01483-94A8-407B-AA5B-142390345FDF} = {A6356B44-DED8-401F-B1A9-B97B43424FE2}
		{AF48A2F1-1FF5-4BDD-8590-DBD874E638E1} = {A6356B44-DED8-401F-B1A9-B97B43424FE2}
	EndGlobalSection
EndGlobal
