
Microsoft Visual Studio Solution File, Format Version 12.00
# Visual Studio 2013
VisualStudioVersion = 12.0.31101.0
MinimumVisualStudioVersion = 10.0.40219.1
Project("{FAE04EC0-301F-11D3-BF4B-00C04F79EFBC}") = "DocDesign", "DocDesign.csproj", "{09FB4F89-56DB-4781-9576-A3E0884EA087}"
EndProject
Project("{2150E333-8FDC-42A3-9474-1A3956D46DE8}") = "01 -App", "01 -App", "{32ECC5B2-C6ED-43A0-BC07-3EE7D22C4C5B}"
EndProject
Project("{2150E333-8FDC-42A3-9474-1A3956D46DE8}") = "20 -Libs", "20 -Libs", "{8998FFA7-013E-4ED7-A104-9EC8B8B0D7AB}"
EndProject
Project("{FAE04EC0-301F-11D3-BF4B-00C04F79EFBC}") = "DocGen", "..\DocGen\DocGen.csproj", "{6B3F3AFE-2E90-435D-9406-49FEB7F8955B}"
EndProject
Project("{FAE04EC0-301F-11D3-BF4B-00C04F79EFBC}") = "Org.GS", "..\..\Libs\Org.GS\Org.GS.csproj", "{A43EC37D-35C1-4F80-9D14-978DA1312FA9}"
EndProject
Project("{FAE04EC0-301F-11D3-BF4B-00C04F79EFBC}") = "Org.SF", "..\..\Libs\Org.SF\Org.SF.csproj", "{75752B95-5D39-4EE6-BB41-3555122E62B1}"
EndProject
Project("{2150E333-8FDC-42A3-9474-1A3956D46DE8}") = "99 - Nuget", "99 - Nuget", "{9E805FA7-590A-4011-AE23-537A4C9A906C}"
EndProject
Project("{2150E333-8FDC-42A3-9474-1A3956D46DE8}") = ".nuget", ".nuget", "{789AD89F-FF51-498B-84A5-77742E740506}"
	ProjectSection(SolutionItems) = preProject
		.nuget\NuGet.Config = .nuget\NuGet.Config
		.nuget\NuGet.exe = .nuget\NuGet.exe
		.nuget\NuGet.targets = .nuget\NuGet.targets
	EndProjectSection
EndProject
Project("{FAE04EC0-301F-11D3-BF4B-00C04F79EFBC}") = "Org.TW", "..\..\Libs\Org.TW\Org.TW.csproj", "{50478633-CE77-48A3-AE74-E8352CFBC4F2}"
EndProject
Global
	GlobalSection(SolutionConfigurationPlatforms) = preSolution
		Debug|Any CPU = Debug|Any CPU
		Debug|x86 = Debug|x86
		Release|Any CPU = Release|Any CPU
		Release|x86 = Release|x86
	EndGlobalSection
	GlobalSection(ProjectConfigurationPlatforms) = postSolution
		{09FB4F89-56DB-4781-9576-A3E0884EA087}.Debug|Any CPU.ActiveCfg = Debug|Any CPU
		{09FB4F89-56DB-4781-9576-A3E0884EA087}.Debug|Any CPU.Build.0 = Debug|Any CPU
		{09FB4F89-56DB-4781-9576-A3E0884EA087}.Debug|x86.ActiveCfg = Debug|Any CPU
		{09FB4F89-56DB-4781-9576-A3E0884EA087}.Release|Any CPU.ActiveCfg = Release|Any CPU
		{09FB4F89-56DB-4781-9576-A3E0884EA087}.Release|Any CPU.Build.0 = Release|Any CPU
		{09FB4F89-56DB-4781-9576-A3E0884EA087}.Release|x86.ActiveCfg = Release|Any CPU
		{6B3F3AFE-2E90-435D-9406-49FEB7F8955B}.Debug|Any CPU.ActiveCfg = Debug|Any CPU
		{6B3F3AFE-2E90-435D-9406-49FEB7F8955B}.Debug|Any CPU.Build.0 = Debug|Any CPU
		{6B3F3AFE-2E90-435D-9406-49FEB7F8955B}.Debug|x86.ActiveCfg = Debug|Any CPU
		{6B3F3AFE-2E90-435D-9406-49FEB7F8955B}.Release|Any CPU.ActiveCfg = Release|Any CPU
		{6B3F3AFE-2E90-435D-9406-49FEB7F8955B}.Release|Any CPU.Build.0 = Release|Any CPU
		{6B3F3AFE-2E90-435D-9406-49FEB7F8955B}.Release|x86.ActiveCfg = Release|Any CPU
		{A43EC37D-35C1-4F80-9D14-978DA1312FA9}.Debug|Any CPU.ActiveCfg = Debug|Any CPU
		{A43EC37D-35C1-4F80-9D14-978DA1312FA9}.Debug|Any CPU.Build.0 = Debug|Any CPU
		{A43EC37D-35C1-4F80-9D14-978DA1312FA9}.Debug|x86.ActiveCfg = Debug|x86
		{A43EC37D-35C1-4F80-9D14-978DA1312FA9}.Debug|x86.Build.0 = Debug|x86
		{A43EC37D-35C1-4F80-9D14-978DA1312FA9}.Release|Any CPU.ActiveCfg = Release|Any CPU
		{A43EC37D-35C1-4F80-9D14-978DA1312FA9}.Release|Any CPU.Build.0 = Release|Any CPU
		{A43EC37D-35C1-4F80-9D14-978DA1312FA9}.Release|x86.ActiveCfg = Release|x86
		{A43EC37D-35C1-4F80-9D14-978DA1312FA9}.Release|x86.Build.0 = Release|x86
		{75752B95-5D39-4EE6-BB41-3555122E62B1}.Debug|Any CPU.ActiveCfg = Debug|Any CPU
		{75752B95-5D39-4EE6-BB41-3555122E62B1}.Debug|Any CPU.Build.0 = Debug|Any CPU
		{75752B95-5D39-4EE6-BB41-3555122E62B1}.Debug|x86.ActiveCfg = Debug|Any CPU
		{75752B95-5D39-4EE6-BB41-3555122E62B1}.Release|Any CPU.ActiveCfg = Release|Any CPU
		{75752B95-5D39-4EE6-BB41-3555122E62B1}.Release|Any CPU.Build.0 = Release|Any CPU
		{75752B95-5D39-4EE6-BB41-3555122E62B1}.Release|x86.ActiveCfg = Release|Any CPU
		{50478633-CE77-48A3-AE74-E8352CFBC4F2}.Debug|Any CPU.ActiveCfg = Debug|Any CPU
		{50478633-CE77-48A3-AE74-E8352CFBC4F2}.Debug|Any CPU.Build.0 = Debug|Any CPU
		{50478633-CE77-48A3-AE74-E8352CFBC4F2}.Debug|x86.ActiveCfg = Debug|Any CPU
		{50478633-CE77-48A3-AE74-E8352CFBC4F2}.Release|Any CPU.ActiveCfg = Release|Any CPU
		{50478633-CE77-48A3-AE74-E8352CFBC4F2}.Release|Any CPU.Build.0 = Release|Any CPU
		{50478633-CE77-48A3-AE74-E8352CFBC4F2}.Release|x86.ActiveCfg = Release|Any CPU
	EndGlobalSection
	GlobalSection(SolutionProperties) = preSolution
		HideSolutionNode = FALSE
	EndGlobalSection
	GlobalSection(NestedProjects) = preSolution
		{09FB4F89-56DB-4781-9576-A3E0884EA087} = {32ECC5B2-C6ED-43A0-BC07-3EE7D22C4C5B}
		{6B3F3AFE-2E90-435D-9406-49FEB7F8955B} = {32ECC5B2-C6ED-43A0-BC07-3EE7D22C4C5B}
		{A43EC37D-35C1-4F80-9D14-978DA1312FA9} = {8998FFA7-013E-4ED7-A104-9EC8B8B0D7AB}
		{75752B95-5D39-4EE6-BB41-3555122E62B1} = {8998FFA7-013E-4ED7-A104-9EC8B8B0D7AB}
		{789AD89F-FF51-498B-84A5-77742E740506} = {9E805FA7-590A-4011-AE23-537A4C9A906C}
		{50478633-CE77-48A3-AE74-E8352CFBC4F2} = {8998FFA7-013E-4ED7-A104-9EC8B8B0D7AB}
	EndGlobalSection
EndGlobal
