
Microsoft Visual Studio Solution File, Format Version 12.00
# Visual Studio 2013
VisualStudioVersion = 12.0.31101.0
MinimumVisualStudioVersion = 10.0.40219.1
Project("{FAE04EC0-301F-11D3-BF4B-00C04F79EFBC}") = "migr", "migr.csproj", "{6CE7A4CC-C299-42A7-87F1-9DC09264942D}"
EndProject
Project("{2150E333-8FDC-42A3-9474-1A3956D46DE8}") = "01 - App", "01 - App", "{4053717E-7429-44FF-AE79-45375706907D}"
EndProject
Project("{2150E333-8FDC-42A3-9474-1A3956D46DE8}") = "20 - Libs", "20 - Libs", "{09405AB4-FA00-4583-9D7F-D624304B5E4C}"
EndProject
Project("{FAE04EC0-301F-11D3-BF4B-00C04F79EFBC}") = "Org.GS", "..\..\Libs\Org.GS\Org.GS.csproj", "{A43EC37D-35C1-4F80-9D14-978DA1312FA9}"
EndProject
Project("{FAE04EC0-301F-11D3-BF4B-00C04F79EFBC}") = "Org.WSO", "..\..\Libs\Org.WSO\Org.WSO.csproj", "{371D3EDF-6965-4A65-919C-C49E1546FD33}"
EndProject
Project("{FAE04EC0-301F-11D3-BF4B-00C04F79EFBC}") = "Org.AX", "..\..\Libs\Org.AX\Org.AX.csproj", "{3A667DDD-7CE6-4DA2-9621-F76836D42724}"
EndProject
Global
	GlobalSection(TeamFoundationVersionControl) = preSolution
		SccNumberOfProjects = 1
		SccEnterpriseProvider = {4CA58AB2-18FA-4F8D-95D4-32DDF27D184C}
		SccTeamFoundationServer = https://gulfportenergy.visualstudio.com/defaultcollection
		SccProjectUniqueName0 = ..\\..\\Libs\\Org.GS\\Org.GS.csproj
		SccProjectTopLevelParentUniqueName0 = migr.sln
		SccProjectName0 = ../../Libs/Org.GS
		SccAuxPath0 = https://gulfportenergy.visualstudio.com/defaultcollection
		SccLocalPath0 = ..\\..\\Libs\\Org.GS
		SccProvider0 = {4CA58AB2-18FA-4F8D-95D4-32DDF27D184C}
	EndGlobalSection
	GlobalSection(SolutionConfigurationPlatforms) = preSolution
		Debug|Any CPU = Debug|Any CPU
		Debug|x86 = Debug|x86
		Release|Any CPU = Release|Any CPU
		Release|x86 = Release|x86
	EndGlobalSection
	GlobalSection(ProjectConfigurationPlatforms) = postSolution
		{6CE7A4CC-C299-42A7-87F1-9DC09264942D}.Debug|Any CPU.ActiveCfg = Debug|Any CPU
		{6CE7A4CC-C299-42A7-87F1-9DC09264942D}.Debug|Any CPU.Build.0 = Debug|Any CPU
		{6CE7A4CC-C299-42A7-87F1-9DC09264942D}.Debug|x86.ActiveCfg = Debug|Any CPU
		{6CE7A4CC-C299-42A7-87F1-9DC09264942D}.Release|Any CPU.ActiveCfg = Release|Any CPU
		{6CE7A4CC-C299-42A7-87F1-9DC09264942D}.Release|Any CPU.Build.0 = Release|Any CPU
		{6CE7A4CC-C299-42A7-87F1-9DC09264942D}.Release|x86.ActiveCfg = Release|Any CPU
		{A43EC37D-35C1-4F80-9D14-978DA1312FA9}.Debug|Any CPU.ActiveCfg = Debug|Any CPU
		{A43EC37D-35C1-4F80-9D14-978DA1312FA9}.Debug|Any CPU.Build.0 = Debug|Any CPU
		{A43EC37D-35C1-4F80-9D14-978DA1312FA9}.Debug|x86.ActiveCfg = Debug|x86
		{A43EC37D-35C1-4F80-9D14-978DA1312FA9}.Debug|x86.Build.0 = Debug|x86
		{A43EC37D-35C1-4F80-9D14-978DA1312FA9}.Release|Any CPU.ActiveCfg = Release|Any CPU
		{A43EC37D-35C1-4F80-9D14-978DA1312FA9}.Release|Any CPU.Build.0 = Release|Any CPU
		{A43EC37D-35C1-4F80-9D14-978DA1312FA9}.Release|x86.ActiveCfg = Release|x86
		{A43EC37D-35C1-4F80-9D14-978DA1312FA9}.Release|x86.Build.0 = Release|x86
		{371D3EDF-6965-4A65-919C-C49E1546FD33}.Debug|Any CPU.ActiveCfg = Debug|Any CPU
		{371D3EDF-6965-4A65-919C-C49E1546FD33}.Debug|Any CPU.Build.0 = Debug|Any CPU
		{371D3EDF-6965-4A65-919C-C49E1546FD33}.Debug|x86.ActiveCfg = Debug|Any CPU
		{371D3EDF-6965-4A65-919C-C49E1546FD33}.Release|Any CPU.ActiveCfg = Release|Any CPU
		{371D3EDF-6965-4A65-919C-C49E1546FD33}.Release|Any CPU.Build.0 = Release|Any CPU
		{371D3EDF-6965-4A65-919C-C49E1546FD33}.Release|x86.ActiveCfg = Release|Any CPU
		{3A667DDD-7CE6-4DA2-9621-F76836D42724}.Debug|Any CPU.ActiveCfg = Debug|Any CPU
		{3A667DDD-7CE6-4DA2-9621-F76836D42724}.Debug|Any CPU.Build.0 = Debug|Any CPU
		{3A667DDD-7CE6-4DA2-9621-F76836D42724}.Debug|x86.ActiveCfg = Debug|Any CPU
		{3A667DDD-7CE6-4DA2-9621-F76836D42724}.Release|Any CPU.ActiveCfg = Release|Any CPU
		{3A667DDD-7CE6-4DA2-9621-F76836D42724}.Release|Any CPU.Build.0 = Release|Any CPU
		{3A667DDD-7CE6-4DA2-9621-F76836D42724}.Release|x86.ActiveCfg = Release|Any CPU
	EndGlobalSection
	GlobalSection(SolutionProperties) = preSolution
		HideSolutionNode = FALSE
	EndGlobalSection
	GlobalSection(NestedProjects) = preSolution
		{6CE7A4CC-C299-42A7-87F1-9DC09264942D} = {4053717E-7429-44FF-AE79-45375706907D}
		{A43EC37D-35C1-4F80-9D14-978DA1312FA9} = {09405AB4-FA00-4583-9D7F-D624304B5E4C}
	EndGlobalSection
EndGlobal
