
Microsoft Visual Studio Solution File, Format Version 12.00
# Visual Studio 2013
VisualStudioVersion = 12.0.40629.0
MinimumVisualStudioVersion = 10.0.40219.1
Project("{FAE04EC0-301F-11D3-BF4B-00C04F79EFBC}") = "MEFExplorer", "MEFExplorer.csproj", "{68D2F41A-8678-48B0-A899-D81D73CEA338}"
EndProject
Project("{2150E333-8FDC-42A3-9474-1A3956D46DE8}") = "01 - App", "01 - App", "{0F4A5F7E-B1BF-4F7B-BE21-DF5878B31BA4}"
EndProject
Project("{2150E333-8FDC-42A3-9474-1A3956D46DE8}") = "20 - Libs", "20 - Libs", "{A625089A-2E1A-448D-8117-3A35A8074582}"
EndProject
Project("{FAE04EC0-301F-11D3-BF4B-00C04F79EFBC}") = "Org.GS", "..\..\Libs\Org.GS\Org.GS.csproj", "{A43EC37D-35C1-4F80-9D14-978DA1312FA9}"
EndProject
Project("{FAE04EC0-301F-11D3-BF4B-00C04F79EFBC}") = "Org.MOD", "..\..\Libs\Org.MOD\Org.MOD.csproj", "{B9316D17-0494-4338-8811-FA52A9C5F08E}"
EndProject
Project("{FAE04EC0-301F-11D3-BF4B-00C04F79EFBC}") = "Org.MEF", "..\..\Libs\Org.MEF\Org.MEF.csproj", "{ADD22302-3C65-475A-8E04-5DDC1A987D18}"
EndProject
Global
	GlobalSection(SolutionConfigurationPlatforms) = preSolution
		Debug|Any CPU = Debug|Any CPU
		Debug|x86 = Debug|x86
		Release|Any CPU = Release|Any CPU
		Release|x86 = Release|x86
	EndGlobalSection
	GlobalSection(ProjectConfigurationPlatforms) = postSolution
		{68D2F41A-8678-48B0-A899-D81D73CEA338}.Debug|Any CPU.ActiveCfg = Debug|Any CPU
		{68D2F41A-8678-48B0-A899-D81D73CEA338}.Debug|Any CPU.Build.0 = Debug|Any CPU
		{68D2F41A-8678-48B0-A899-D81D73CEA338}.Debug|x86.ActiveCfg = Debug|Any CPU
		{68D2F41A-8678-48B0-A899-D81D73CEA338}.Release|Any CPU.ActiveCfg = Release|Any CPU
		{68D2F41A-8678-48B0-A899-D81D73CEA338}.Release|Any CPU.Build.0 = Release|Any CPU
		{68D2F41A-8678-48B0-A899-D81D73CEA338}.Release|x86.ActiveCfg = Release|Any CPU
		{A43EC37D-35C1-4F80-9D14-978DA1312FA9}.Debug|Any CPU.ActiveCfg = Debug|Any CPU
		{A43EC37D-35C1-4F80-9D14-978DA1312FA9}.Debug|Any CPU.Build.0 = Debug|Any CPU
		{A43EC37D-35C1-4F80-9D14-978DA1312FA9}.Debug|x86.ActiveCfg = Debug|x86
		{A43EC37D-35C1-4F80-9D14-978DA1312FA9}.Debug|x86.Build.0 = Debug|x86
		{A43EC37D-35C1-4F80-9D14-978DA1312FA9}.Release|Any CPU.ActiveCfg = Release|Any CPU
		{A43EC37D-35C1-4F80-9D14-978DA1312FA9}.Release|Any CPU.Build.0 = Release|Any CPU
		{A43EC37D-35C1-4F80-9D14-978DA1312FA9}.Release|x86.ActiveCfg = Release|x86
		{A43EC37D-35C1-4F80-9D14-978DA1312FA9}.Release|x86.Build.0 = Release|x86
		{B9316D17-0494-4338-8811-FA52A9C5F08E}.Debug|Any CPU.ActiveCfg = Debug|Any CPU
		{B9316D17-0494-4338-8811-FA52A9C5F08E}.Debug|Any CPU.Build.0 = Debug|Any CPU
		{B9316D17-0494-4338-8811-FA52A9C5F08E}.Debug|x86.ActiveCfg = Debug|Any CPU
		{B9316D17-0494-4338-8811-FA52A9C5F08E}.Release|Any CPU.ActiveCfg = Release|Any CPU
		{B9316D17-0494-4338-8811-FA52A9C5F08E}.Release|Any CPU.Build.0 = Release|Any CPU
		{B9316D17-0494-4338-8811-FA52A9C5F08E}.Release|x86.ActiveCfg = Release|Any CPU
		{ADD22302-3C65-475A-8E04-5DDC1A987D18}.Debug|Any CPU.ActiveCfg = Debug|Any CPU
		{ADD22302-3C65-475A-8E04-5DDC1A987D18}.Debug|Any CPU.Build.0 = Debug|Any CPU
		{ADD22302-3C65-475A-8E04-5DDC1A987D18}.Debug|x86.ActiveCfg = Debug|Any CPU
		{ADD22302-3C65-475A-8E04-5DDC1A987D18}.Release|Any CPU.ActiveCfg = Release|Any CPU
		{ADD22302-3C65-475A-8E04-5DDC1A987D18}.Release|Any CPU.Build.0 = Release|Any CPU
		{ADD22302-3C65-475A-8E04-5DDC1A987D18}.Release|x86.ActiveCfg = Release|Any CPU
	EndGlobalSection
	GlobalSection(SolutionProperties) = preSolution
		HideSolutionNode = FALSE
	EndGlobalSection
	GlobalSection(NestedProjects) = preSolution
		{68D2F41A-8678-48B0-A899-D81D73CEA338} = {0F4A5F7E-B1BF-4F7B-BE21-DF5878B31BA4}
		{A43EC37D-35C1-4F80-9D14-978DA1312FA9} = {A625089A-2E1A-448D-8117-3A35A8074582}
		{B9316D17-0494-4338-8811-FA52A9C5F08E} = {A625089A-2E1A-448D-8117-3A35A8074582}
		{ADD22302-3C65-475A-8E04-5DDC1A987D18} = {A625089A-2E1A-448D-8117-3A35A8074582}
	EndGlobalSection
EndGlobal
