
Microsoft Visual Studio Solution File, Format Version 12.00
# Visual Studio 15
VisualStudioVersion = 15.0.27703.2042
MinimumVisualStudioVersion = 10.0.40219.1
Project("{FAE04EC0-301F-11D3-BF4B-00C04F79EFBC}") = "ApiClient", "ApiClient\ApiClient.csproj", "{DF463424-FF85-44CB-8B37-9801A5F15C8E}"
EndProject
Project("{2150E333-8FDC-42A3-9474-1A3956D46DE8}") = "01 - App", "01 - App", "{BA86A192-EC78-4767-A54E-40A10BFC27BE}"
EndProject
Project("{2150E333-8FDC-42A3-9474-1A3956D46DE8}") = "20 - Libs", "20 - Libs", "{E1A6BF2C-883B-4D27-8914-E8F56A7F7D0A}"
EndProject
Project("{FAE04EC0-301F-11D3-BF4B-00C04F79EFBC}") = "Org.ApiClient", "..\..\Libs\Org.ApiClient\Org.ApiClient.csproj", "{9FE8BC9D-6BEF-462A-9BC9-EE469DE4BAD0}"
EndProject
Global
	GlobalSection(SolutionConfigurationPlatforms) = preSolution
		Debug|Any CPU = Debug|Any CPU
		Debug|x86 = Debug|x86
		Release|Any CPU = Release|Any CPU
		Release|x86 = Release|x86
	EndGlobalSection
	GlobalSection(ProjectConfigurationPlatforms) = postSolution
		{DF463424-FF85-44CB-8B37-9801A5F15C8E}.Debug|Any CPU.ActiveCfg = Debug|Any CPU
		{DF463424-FF85-44CB-8B37-9801A5F15C8E}.Debug|Any CPU.Build.0 = Debug|Any CPU
		{DF463424-FF85-44CB-8B37-9801A5F15C8E}.Debug|x86.ActiveCfg = Debug|Any CPU
		{DF463424-FF85-44CB-8B37-9801A5F15C8E}.Debug|x86.Build.0 = Debug|Any CPU
		{DF463424-FF85-44CB-8B37-9801A5F15C8E}.Release|Any CPU.ActiveCfg = Release|Any CPU
		{DF463424-FF85-44CB-8B37-9801A5F15C8E}.Release|Any CPU.Build.0 = Release|Any CPU
		{DF463424-FF85-44CB-8B37-9801A5F15C8E}.Release|x86.ActiveCfg = Release|Any CPU
		{DF463424-FF85-44CB-8B37-9801A5F15C8E}.Release|x86.Build.0 = Release|Any CPU
		{9FE8BC9D-6BEF-462A-9BC9-EE469DE4BAD0}.Debug|Any CPU.ActiveCfg = Debug|Any CPU
		{9FE8BC9D-6BEF-462A-9BC9-EE469DE4BAD0}.Debug|Any CPU.Build.0 = Debug|Any CPU
		{9FE8BC9D-6BEF-462A-9BC9-EE469DE4BAD0}.Debug|x86.ActiveCfg = Debug|Any CPU
		{9FE8BC9D-6BEF-462A-9BC9-EE469DE4BAD0}.Debug|x86.Build.0 = Debug|Any CPU
		{9FE8BC9D-6BEF-462A-9BC9-EE469DE4BAD0}.Release|Any CPU.ActiveCfg = Release|Any CPU
		{9FE8BC9D-6BEF-462A-9BC9-EE469DE4BAD0}.Release|Any CPU.Build.0 = Release|Any CPU
		{9FE8BC9D-6BEF-462A-9BC9-EE469DE4BAD0}.Release|x86.ActiveCfg = Release|Any CPU
		{9FE8BC9D-6BEF-462A-9BC9-EE469DE4BAD0}.Release|x86.Build.0 = Release|Any CPU
	EndGlobalSection
	GlobalSection(SolutionProperties) = preSolution
		HideSolutionNode = FALSE
	EndGlobalSection
	GlobalSection(NestedProjects) = preSolution
		{DF463424-FF85-44CB-8B37-9801A5F15C8E} = {BA86A192-EC78-4767-A54E-40A10BFC27BE}
		{9FE8BC9D-6BEF-462A-9BC9-EE469DE4BAD0} = {E1A6BF2C-883B-4D27-8914-E8F56A7F7D0A}
	EndGlobalSection
	GlobalSection(ExtensibilityGlobals) = postSolution
		SolutionGuid = {3C42D763-2571-4370-BDDF-AC278105F959}
	EndGlobalSection
EndGlobal
