
Microsoft Visual Studio Solution File, Format Version 12.00
# Visual Studio 2013
VisualStudioVersion = 12.0.31101.0
MinimumVisualStudioVersion = 10.0.40219.1
Project("{FAE04EC0-301F-11D3-BF4B-00C04F79EFBC}") = "PdfTextExtract", "PdfTextExtract.csproj", "{4CC6A8BC-781B-4CA9-878B-AD48A5CC10FA}"
EndProject
Project("{2150E333-8FDC-42A3-9474-1A3956D46DE8}") = "01- App", "01- App", "{5DD1A437-C701-4FC5-8FB5-0934483DE305}"
EndProject
Project("{2150E333-8FDC-42A3-9474-1A3956D46DE8}") = "20 - Libs", "20 - Libs", "{8E635085-5655-4DAA-9267-8F7CE381BD33}"
EndProject
Project("{FAE04EC0-301F-11D3-BF4B-00C04F79EFBC}") = "Org.GS", "..\..\Libs\Org.GS\Org.GS.csproj", "{A43EC37D-35C1-4F80-9D14-978DA1312FA9}"
EndProject
Project("{FAE04EC0-301F-11D3-BF4B-00C04F79EFBC}") = "Org.Pdfx", "..\..\Libs\Org.Pdfx\Org.Pdfx.csproj", "{F187D9A1-BAC3-4338-87F5-0F018CF0ED64}"
EndProject
Project("{2150E333-8FDC-42A3-9474-1A3956D46DE8}") = ".nuget", ".nuget", "{71F8A62A-6EFD-4899-B23A-CD6426F5A49F}"
	ProjectSection(SolutionItems) = preProject
		.nuget\NuGet.Config = .nuget\NuGet.Config
		.nuget\NuGet.exe = .nuget\NuGet.exe
		.nuget\NuGet.targets = .nuget\NuGet.targets
	EndProjectSection
EndProject
Project("{2150E333-8FDC-42A3-9474-1A3956D46DE8}") = "99 - Nuget", "99 - Nuget", "{C0540DF8-4E7E-4D4F-B609-86C82FAB70A2}"
EndProject
Project("{FAE04EC0-301F-11D3-BF4B-00C04F79EFBC}") = "Org.SF", "..\..\Libs\Org.SF\Org.SF.csproj", "{75752B95-5D39-4EE6-BB41-3555122E62B1}"
EndProject
Project("{FAE04EC0-301F-11D3-BF4B-00C04F79EFBC}") = "Org.TW", "..\..\Libs\Org.TW\Org.TW.csproj", "{50478633-CE77-48A3-AE74-E8352CFBC4F2}"
EndProject
Project("{FAE04EC0-301F-11D3-BF4B-00C04F79EFBC}") = "Org.PdfExtractToolWindows", "..\..\Libs\Org.PdfExtractToolWindows\Org.PdfExtractToolWindows.csproj", "{88D65A9C-B38D-4A98-80BC-B50B5C54E079}"
EndProject
Global
	GlobalSection(TeamFoundationVersionControl) = preSolution
		SccNumberOfProjects = 2
		SccEnterpriseProvider = {4CA58AB2-18FA-4F8D-95D4-32DDF27D184C}
		SccTeamFoundationServer = https://gulfportenergy.visualstudio.com/
		SccProjectUniqueName0 = ..\\..\\Libs\\Org.GS\\Org.GS.csproj
		SccProjectTopLevelParentUniqueName0 = PdfTextExtract.sln
		SccProjectName0 = ../../Libs/Org.GS
		SccAuxPath0 = https://gulfportenergy.visualstudio.com
		SccLocalPath0 = ..\\..\\Libs\\Org.GS
		SccProvider0 = {4CA58AB2-18FA-4F8D-95D4-32DDF27D184C}
		SccProjectUniqueName1 = ..\\..\\Libs\\Org.SF\\Org.SF.csproj
		SccProjectTopLevelParentUniqueName1 = PdfTextExtract.sln
		SccProjectName1 = ../../Libs/Org.SF
		SccAuxPath1 = https://gulfportenergy.visualstudio.com
		SccLocalPath1 = ..\\..\\Libs\\Org.SF
		SccProvider1 = {4CA58AB2-18FA-4F8D-95D4-32DDF27D184C}
	EndGlobalSection
	GlobalSection(SolutionConfigurationPlatforms) = preSolution
		Debug|Any CPU = Debug|Any CPU
		Debug|x86 = Debug|x86
		Release|Any CPU = Release|Any CPU
		Release|x86 = Release|x86
	EndGlobalSection
	GlobalSection(ProjectConfigurationPlatforms) = postSolution
		{4CC6A8BC-781B-4CA9-878B-AD48A5CC10FA}.Debug|Any CPU.ActiveCfg = Debug|Any CPU
		{4CC6A8BC-781B-4CA9-878B-AD48A5CC10FA}.Debug|Any CPU.Build.0 = Debug|Any CPU
		{4CC6A8BC-781B-4CA9-878B-AD48A5CC10FA}.Debug|x86.ActiveCfg = Debug|Any CPU
		{4CC6A8BC-781B-4CA9-878B-AD48A5CC10FA}.Release|Any CPU.ActiveCfg = Release|Any CPU
		{4CC6A8BC-781B-4CA9-878B-AD48A5CC10FA}.Release|Any CPU.Build.0 = Release|Any CPU
		{4CC6A8BC-781B-4CA9-878B-AD48A5CC10FA}.Release|x86.ActiveCfg = Release|Any CPU
		{A43EC37D-35C1-4F80-9D14-978DA1312FA9}.Debug|Any CPU.ActiveCfg = Debug|Any CPU
		{A43EC37D-35C1-4F80-9D14-978DA1312FA9}.Debug|Any CPU.Build.0 = Debug|Any CPU
		{A43EC37D-35C1-4F80-9D14-978DA1312FA9}.Debug|x86.ActiveCfg = Debug|x86
		{A43EC37D-35C1-4F80-9D14-978DA1312FA9}.Debug|x86.Build.0 = Debug|x86
		{A43EC37D-35C1-4F80-9D14-978DA1312FA9}.Release|Any CPU.ActiveCfg = Release|Any CPU
		{A43EC37D-35C1-4F80-9D14-978DA1312FA9}.Release|Any CPU.Build.0 = Release|Any CPU
		{A43EC37D-35C1-4F80-9D14-978DA1312FA9}.Release|x86.ActiveCfg = Release|x86
		{A43EC37D-35C1-4F80-9D14-978DA1312FA9}.Release|x86.Build.0 = Release|x86
		{F187D9A1-BAC3-4338-87F5-0F018CF0ED64}.Debug|Any CPU.ActiveCfg = Debug|Any CPU
		{F187D9A1-BAC3-4338-87F5-0F018CF0ED64}.Debug|Any CPU.Build.0 = Debug|Any CPU
		{F187D9A1-BAC3-4338-87F5-0F018CF0ED64}.Debug|x86.ActiveCfg = Debug|Any CPU
		{F187D9A1-BAC3-4338-87F5-0F018CF0ED64}.Release|Any CPU.ActiveCfg = Release|Any CPU
		{F187D9A1-BAC3-4338-87F5-0F018CF0ED64}.Release|Any CPU.Build.0 = Release|Any CPU
		{F187D9A1-BAC3-4338-87F5-0F018CF0ED64}.Release|x86.ActiveCfg = Release|Any CPU
		{75752B95-5D39-4EE6-BB41-3555122E62B1}.Debug|Any CPU.ActiveCfg = Debug|Any CPU
		{75752B95-5D39-4EE6-BB41-3555122E62B1}.Debug|Any CPU.Build.0 = Debug|Any CPU
		{75752B95-5D39-4EE6-BB41-3555122E62B1}.Debug|x86.ActiveCfg = Debug|Any CPU
		{75752B95-5D39-4EE6-BB41-3555122E62B1}.Release|Any CPU.ActiveCfg = Release|Any CPU
		{75752B95-5D39-4EE6-BB41-3555122E62B1}.Release|Any CPU.Build.0 = Release|Any CPU
		{75752B95-5D39-4EE6-BB41-3555122E62B1}.Release|x86.ActiveCfg = Release|Any CPU
		{50478633-CE77-48A3-AE74-E8352CFBC4F2}.Debug|Any CPU.ActiveCfg = Debug|Any CPU
		{50478633-CE77-48A3-AE74-E8352CFBC4F2}.Debug|Any CPU.Build.0 = Debug|Any CPU
		{50478633-CE77-48A3-AE74-E8352CFBC4F2}.Debug|x86.ActiveCfg = Debug|Any CPU
		{50478633-CE77-48A3-AE74-E8352CFBC4F2}.Release|Any CPU.ActiveCfg = Release|Any CPU
		{50478633-CE77-48A3-AE74-E8352CFBC4F2}.Release|Any CPU.Build.0 = Release|Any CPU
		{50478633-CE77-48A3-AE74-E8352CFBC4F2}.Release|x86.ActiveCfg = Release|Any CPU
		{88D65A9C-B38D-4A98-80BC-B50B5C54E079}.Debug|Any CPU.ActiveCfg = Debug|Any CPU
		{88D65A9C-B38D-4A98-80BC-B50B5C54E079}.Debug|Any CPU.Build.0 = Debug|Any CPU
		{88D65A9C-B38D-4A98-80BC-B50B5C54E079}.Debug|x86.ActiveCfg = Debug|Any CPU
		{88D65A9C-B38D-4A98-80BC-B50B5C54E079}.Release|Any CPU.ActiveCfg = Release|Any CPU
		{88D65A9C-B38D-4A98-80BC-B50B5C54E079}.Release|Any CPU.Build.0 = Release|Any CPU
		{88D65A9C-B38D-4A98-80BC-B50B5C54E079}.Release|x86.ActiveCfg = Release|Any CPU
	EndGlobalSection
	GlobalSection(SolutionProperties) = preSolution
		HideSolutionNode = FALSE
	EndGlobalSection
	GlobalSection(NestedProjects) = preSolution
		{4CC6A8BC-781B-4CA9-878B-AD48A5CC10FA} = {5DD1A437-C701-4FC5-8FB5-0934483DE305}
		{A43EC37D-35C1-4F80-9D14-978DA1312FA9} = {8E635085-5655-4DAA-9267-8F7CE381BD33}
		{F187D9A1-BAC3-4338-87F5-0F018CF0ED64} = {8E635085-5655-4DAA-9267-8F7CE381BD33}
		{71F8A62A-6EFD-4899-B23A-CD6426F5A49F} = {C0540DF8-4E7E-4D4F-B609-86C82FAB70A2}
		{75752B95-5D39-4EE6-BB41-3555122E62B1} = {8E635085-5655-4DAA-9267-8F7CE381BD33}
		{50478633-CE77-48A3-AE74-E8352CFBC4F2} = {8E635085-5655-4DAA-9267-8F7CE381BD33}
		{88D65A9C-B38D-4A98-80BC-B50B5C54E079} = {8E635085-5655-4DAA-9267-8F7CE381BD33}
	EndGlobalSection
EndGlobal
