
Microsoft Visual Studio Solution File, Format Version 12.00
# Visual Studio 2012
Project("{FAE04EC0-301F-11D3-BF4B-00C04F79EFBC}") = "DictionaryManager", "DictionaryManager.csproj", "{1119AA7A-CBA2-4795-BB33-647724077429}"
EndProject
Project("{2150E333-8FDC-42A3-9474-1A3956D46DE8}") = "App", "App", "{64B1472B-F3D8-4FDF-8CEB-9EBCAE2D35A5}"
EndProject
Project("{2150E333-8FDC-42A3-9474-1A3956D46DE8}") = "Libs", "Libs", "{ED8E788D-14CC-4BDC-8B43-8C66D2CD76C2}"
EndProject
Project("{FAE04EC0-301F-11D3-BF4B-00C04F79EFBC}") = "DocGen", "..\DocGen\DocGen.csproj", "{6B3F3AFE-2E90-435D-9406-49FEB7F8955B}"
EndProject
Project("{FAE04EC0-301F-11D3-BF4B-00C04F79EFBC}") = "Adsdi.DCT", "..\Shared\DCT\Adsdi.DCT.csproj", "{0285AD3A-478C-4241-8CBA-E5C71E6419AF}"
EndProject
Project("{FAE04EC0-301F-11D3-BF4B-00C04F79EFBC}") = "Adsdi.GS", "..\Shared\GS\Adsdi.GS.csproj", "{8AEE7EB5-E86D-4CC8-A9F1-6422B80E497E}"
EndProject
Project("{FAE04EC0-301F-11D3-BF4B-00C04F79EFBC}") = "Adsdi.SF", "..\Shared\SF\Adsdi.SF.csproj", "{D2B14C49-46FA-44AC-95BF-F0615A68A78E}"
EndProject
Project("{FAE04EC0-301F-11D3-BF4B-00C04F79EFBC}") = "BuildMyResume.Domain", "..\BuildMyResume.Domain\BuildMyResume.Domain.csproj", "{3CBED8FC-648D-443D-A43B-E391A2CCE7A9}"
EndProject
Global
	GlobalSection(SolutionConfigurationPlatforms) = preSolution
		Debug|Any CPU = Debug|Any CPU
		Release|Any CPU = Release|Any CPU
	EndGlobalSection
	GlobalSection(ProjectConfigurationPlatforms) = postSolution
		{1119AA7A-CBA2-4795-BB33-647724077429}.Debug|Any CPU.ActiveCfg = Debug|Any CPU
		{1119AA7A-CBA2-4795-BB33-647724077429}.Debug|Any CPU.Build.0 = Debug|Any CPU
		{1119AA7A-CBA2-4795-BB33-647724077429}.Release|Any CPU.ActiveCfg = Release|Any CPU
		{1119AA7A-CBA2-4795-BB33-647724077429}.Release|Any CPU.Build.0 = Release|Any CPU
		{6B3F3AFE-2E90-435D-9406-49FEB7F8955B}.Debug|Any CPU.ActiveCfg = Debug|Any CPU
		{6B3F3AFE-2E90-435D-9406-49FEB7F8955B}.Debug|Any CPU.Build.0 = Debug|Any CPU
		{6B3F3AFE-2E90-435D-9406-49FEB7F8955B}.Release|Any CPU.ActiveCfg = Release|Any CPU
		{6B3F3AFE-2E90-435D-9406-49FEB7F8955B}.Release|Any CPU.Build.0 = Release|Any CPU
		{0285AD3A-478C-4241-8CBA-E5C71E6419AF}.Debug|Any CPU.ActiveCfg = Debug|Any CPU
		{0285AD3A-478C-4241-8CBA-E5C71E6419AF}.Debug|Any CPU.Build.0 = Debug|Any CPU
		{0285AD3A-478C-4241-8CBA-E5C71E6419AF}.Release|Any CPU.ActiveCfg = Release|Any CPU
		{0285AD3A-478C-4241-8CBA-E5C71E6419AF}.Release|Any CPU.Build.0 = Release|Any CPU
		{8AEE7EB5-E86D-4CC8-A9F1-6422B80E497E}.Debug|Any CPU.ActiveCfg = Debug|Any CPU
		{8AEE7EB5-E86D-4CC8-A9F1-6422B80E497E}.Debug|Any CPU.Build.0 = Debug|Any CPU
		{8AEE7EB5-E86D-4CC8-A9F1-6422B80E497E}.Release|Any CPU.ActiveCfg = Release|Any CPU
		{8AEE7EB5-E86D-4CC8-A9F1-6422B80E497E}.Release|Any CPU.Build.0 = Release|Any CPU
		{D2B14C49-46FA-44AC-95BF-F0615A68A78E}.Debug|Any CPU.ActiveCfg = Debug|Any CPU
		{D2B14C49-46FA-44AC-95BF-F0615A68A78E}.Debug|Any CPU.Build.0 = Debug|Any CPU
		{D2B14C49-46FA-44AC-95BF-F0615A68A78E}.Release|Any CPU.ActiveCfg = Release|Any CPU
		{D2B14C49-46FA-44AC-95BF-F0615A68A78E}.Release|Any CPU.Build.0 = Release|Any CPU
		{3CBED8FC-648D-443D-A43B-E391A2CCE7A9}.Debug|Any CPU.ActiveCfg = Debug|Any CPU
		{3CBED8FC-648D-443D-A43B-E391A2CCE7A9}.Debug|Any CPU.Build.0 = Debug|Any CPU
		{3CBED8FC-648D-443D-A43B-E391A2CCE7A9}.Release|Any CPU.ActiveCfg = Release|Any CPU
		{3CBED8FC-648D-443D-A43B-E391A2CCE7A9}.Release|Any CPU.Build.0 = Release|Any CPU
	EndGlobalSection
	GlobalSection(SolutionProperties) = preSolution
		HideSolutionNode = FALSE
	EndGlobalSection
	GlobalSection(NestedProjects) = preSolution
		{1119AA7A-CBA2-4795-BB33-647724077429} = {64B1472B-F3D8-4FDF-8CEB-9EBCAE2D35A5}
		{6B3F3AFE-2E90-435D-9406-49FEB7F8955B} = {ED8E788D-14CC-4BDC-8B43-8C66D2CD76C2}
		{0285AD3A-478C-4241-8CBA-E5C71E6419AF} = {ED8E788D-14CC-4BDC-8B43-8C66D2CD76C2}
		{8AEE7EB5-E86D-4CC8-A9F1-6422B80E497E} = {ED8E788D-14CC-4BDC-8B43-8C66D2CD76C2}
		{D2B14C49-46FA-44AC-95BF-F0615A68A78E} = {ED8E788D-14CC-4BDC-8B43-8C66D2CD76C2}
		{3CBED8FC-648D-443D-A43B-E391A2CCE7A9} = {ED8E788D-14CC-4BDC-8B43-8C66D2CD76C2}
	EndGlobalSection
EndGlobal
