
Microsoft Visual Studio Solution File, Format Version 12.00
# Visual Studio 15
VisualStudioVersion = 15.0.27703.2042
MinimumVisualStudioVersion = 10.0.40219.1
Project("{FAE04EC0-301F-11D3-BF4B-00C04F79EFBC}") = "FileCompareWorkbench2", "FileCompareWorkbench2.csproj", "{06A349BF-5BEF-4012-9DC6-6CAF9FCF015A}"
EndProject
Project("{2150E333-8FDC-42A3-9474-1A3956D46DE8}") = "01 - App", "01 - App", "{ED2A7B0D-278D-4FDA-A3A2-F9BA0E5FD224}"
EndProject
Project("{2150E333-8FDC-42A3-9474-1A3956D46DE8}") = "20 - Libs", "20 - Libs", "{163B56D4-91CC-4F4F-850E-3CCAFDBA5538}"
EndProject
Project("{FAE04EC0-301F-11D3-BF4B-00C04F79EFBC}") = "Org.GS", "..\..\Libs\Org.GS\Org.GS.csproj", "{A43EC37D-35C1-4F80-9D14-978DA1312FA9}"
EndProject
Project("{FAE04EC0-301F-11D3-BF4B-00C04F79EFBC}") = "Org.Diff", "..\..\Libs\Org.Diff\Org.Diff.csproj", "{6911602C-03EE-47E0-99C7-B99B410819C3}"
EndProject
Global
	GlobalSection(SolutionConfigurationPlatforms) = preSolution
		Debug|Any CPU = Debug|Any CPU
		Debug|x86 = Debug|x86
		Release|Any CPU = Release|Any CPU
		Release|x86 = Release|x86
	EndGlobalSection
	GlobalSection(ProjectConfigurationPlatforms) = postSolution
		{06A349BF-5BEF-4012-9DC6-6CAF9FCF015A}.Debug|Any CPU.ActiveCfg = Debug|Any CPU
		{06A349BF-5BEF-4012-9DC6-6CAF9FCF015A}.Debug|Any CPU.Build.0 = Debug|Any CPU
		{06A349BF-5BEF-4012-9DC6-6CAF9FCF015A}.Debug|x86.ActiveCfg = Debug|Any CPU
		{06A349BF-5BEF-4012-9DC6-6CAF9FCF015A}.Debug|x86.Build.0 = Debug|Any CPU
		{06A349BF-5BEF-4012-9DC6-6CAF9FCF015A}.Release|Any CPU.ActiveCfg = Release|Any CPU
		{06A349BF-5BEF-4012-9DC6-6CAF9FCF015A}.Release|Any CPU.Build.0 = Release|Any CPU
		{06A349BF-5BEF-4012-9DC6-6CAF9FCF015A}.Release|x86.ActiveCfg = Release|Any CPU
		{06A349BF-5BEF-4012-9DC6-6CAF9FCF015A}.Release|x86.Build.0 = Release|Any CPU
		{A43EC37D-35C1-4F80-9D14-978DA1312FA9}.Debug|Any CPU.ActiveCfg = Debug|Any CPU
		{A43EC37D-35C1-4F80-9D14-978DA1312FA9}.Debug|Any CPU.Build.0 = Debug|Any CPU
		{A43EC37D-35C1-4F80-9D14-978DA1312FA9}.Debug|x86.ActiveCfg = Debug|x86
		{A43EC37D-35C1-4F80-9D14-978DA1312FA9}.Debug|x86.Build.0 = Debug|x86
		{A43EC37D-35C1-4F80-9D14-978DA1312FA9}.Release|Any CPU.ActiveCfg = Release|Any CPU
		{A43EC37D-35C1-4F80-9D14-978DA1312FA9}.Release|Any CPU.Build.0 = Release|Any CPU
		{A43EC37D-35C1-4F80-9D14-978DA1312FA9}.Release|x86.ActiveCfg = Release|x86
		{A43EC37D-35C1-4F80-9D14-978DA1312FA9}.Release|x86.Build.0 = Release|x86
		{6911602C-03EE-47E0-99C7-B99B410819C3}.Debug|Any CPU.ActiveCfg = Debug|Any CPU
		{6911602C-03EE-47E0-99C7-B99B410819C3}.Debug|Any CPU.Build.0 = Debug|Any CPU
		{6911602C-03EE-47E0-99C7-B99B410819C3}.Debug|x86.ActiveCfg = Debug|Any CPU
		{6911602C-03EE-47E0-99C7-B99B410819C3}.Debug|x86.Build.0 = Debug|Any CPU
		{6911602C-03EE-47E0-99C7-B99B410819C3}.Release|Any CPU.ActiveCfg = Release|Any CPU
		{6911602C-03EE-47E0-99C7-B99B410819C3}.Release|Any CPU.Build.0 = Release|Any CPU
		{6911602C-03EE-47E0-99C7-B99B410819C3}.Release|x86.ActiveCfg = Release|Any CPU
		{6911602C-03EE-47E0-99C7-B99B410819C3}.Release|x86.Build.0 = Release|Any CPU
	EndGlobalSection
	GlobalSection(SolutionProperties) = preSolution
		HideSolutionNode = FALSE
	EndGlobalSection
	GlobalSection(NestedProjects) = preSolution
		{06A349BF-5BEF-4012-9DC6-6CAF9FCF015A} = {ED2A7B0D-278D-4FDA-A3A2-F9BA0E5FD224}
		{A43EC37D-35C1-4F80-9D14-978DA1312FA9} = {163B56D4-91CC-4F4F-850E-3CCAFDBA5538}
		{6911602C-03EE-47E0-99C7-B99B410819C3} = {163B56D4-91CC-4F4F-850E-3CCAFDBA5538}
	EndGlobalSection
	GlobalSection(ExtensibilityGlobals) = postSolution
		SolutionGuid = {4C5DC3A7-2531-454B-BD74-32473BA43B06}
	EndGlobalSection
	GlobalSection(TeamFoundationVersionControl) = preSolution
		SccNumberOfProjects = 1
		SccEnterpriseProvider = {4CA58AB2-18FA-4F8D-95D4-32DDF27D184C}
		SccTeamFoundationServer = https://gulfportenergy.visualstudio.com/
		SccProjectUniqueName0 = ..\\..\\Libs\\Org.GS\\Org.GS.csproj
		SccProjectTopLevelParentUniqueName0 = FileCompareWorkbench2.sln
		SccProjectName0 = ../../Libs/Org.GS
		SccAuxPath0 = https://gulfportenergy.visualstudio.com
		SccLocalPath0 = ..\\..\\Libs\\Org.GS
		SccProvider0 = {4CA58AB2-18FA-4F8D-95D4-32DDF27D184C}
	EndGlobalSection
EndGlobal
