
Microsoft Visual Studio Solution File, Format Version 12.00
# Visual Studio 2013
VisualStudioVersion = 12.0.31101.0
MinimumVisualStudioVersion = 10.0.40219.1
Project("{FAE04EC0-301F-11D3-BF4B-00C04F79EFBC}") = "LibTester", "LibTester.csproj", "{E3B3DC99-EFB6-4A3C-A67D-BBD4E27443FB}"
EndProject
Project("{2150E333-8FDC-42A3-9474-1A3956D46DE8}") = "01 - App", "01 - App", "{F26D441F-0EAD-491F-990E-AC3F5703B4B7}"
EndProject
Project("{2150E333-8FDC-42A3-9474-1A3956D46DE8}") = "20 - Libs", "20 - Libs", "{741E225D-263F-4EAC-9405-D4D87B6EA203}"
EndProject
Project("{FAE04EC0-301F-11D3-BF4B-00C04F79EFBC}") = "Org.GS", "..\..\Libs\Org.GS\Org.GS.csproj", "{A43EC37D-35C1-4F80-9D14-978DA1312FA9}"
EndProject
Project("{2150E333-8FDC-42A3-9474-1A3956D46DE8}") = ".nuget", ".nuget", "{BE11B9FF-D2D5-4349-AE0A-FDCCBD4AD621}"
	ProjectSection(SolutionItems) = preProject
		.nuget\NuGet.Config = .nuget\NuGet.Config
		.nuget\NuGet.exe = .nuget\NuGet.exe
		.nuget\NuGet.targets = .nuget\NuGet.targets
	EndProjectSection
EndProject
Project("{2150E333-8FDC-42A3-9474-1A3956D46DE8}") = "99 - Nuget", "99 - Nuget", "{2F63583A-5DCB-42ED-A07A-080DF84A0B69}"
EndProject
Project("{FAE04EC0-301F-11D3-BF4B-00C04F79EFBC}") = "Org.ZIP", "..\..\Libs\Org.ZIP\Org.ZIP.csproj", "{5DF092CA-0BBC-42D2-B16A-6D60C5B11F13}"
EndProject
Project("{FAE04EC0-301F-11D3-BF4B-00C04F79EFBC}") = "Org.FSO", "..\..\Libs\Org.FSO\Org.FSO.csproj", "{AB9A8267-9203-4DD6-86F0-9D2A1083FD2D}"
EndProject
Global
	GlobalSection(TeamFoundationVersionControl) = preSolution
		SccNumberOfProjects = 2
		SccEnterpriseProvider = {4CA58AB2-18FA-4F8D-95D4-32DDF27D184C}
		SccTeamFoundationServer = https://gulfportenergy.visualstudio.com/
		SccProjectUniqueName0 = ..\\..\\Libs\\Org.GS\\Org.GS.csproj
		SccProjectTopLevelParentUniqueName0 = LibTester.sln
		SccProjectName0 = ../../Libs/Org.GS
		SccAuxPath0 = https://gulfportenergy.visualstudio.com
		SccLocalPath0 = ..\\..\\Libs\\Org.GS
		SccProvider0 = {4CA58AB2-18FA-4F8D-95D4-32DDF27D184C}
		SccProjectUniqueName1 = ..\\..\\Libs\\Org.ZIP\\Org.ZIP.csproj
		SccProjectTopLevelParentUniqueName1 = LibTester.sln
		SccProjectName1 = ../../Libs/Org.ZIP
		SccAuxPath1 = https://gulfportenergy.visualstudio.com
		SccLocalPath1 = ..\\..\\Libs\\Org.ZIP
		SccProvider1 = {4CA58AB2-18FA-4F8D-95D4-32DDF27D184C}
	EndGlobalSection
	GlobalSection(SolutionConfigurationPlatforms) = preSolution
		Debug|Any CPU = Debug|Any CPU
		Debug|x86 = Debug|x86
		Release|Any CPU = Release|Any CPU
		Release|x86 = Release|x86
	EndGlobalSection
	GlobalSection(ProjectConfigurationPlatforms) = postSolution
		{E3B3DC99-EFB6-4A3C-A67D-BBD4E27443FB}.Debug|Any CPU.ActiveCfg = Debug|Any CPU
		{E3B3DC99-EFB6-4A3C-A67D-BBD4E27443FB}.Debug|Any CPU.Build.0 = Debug|Any CPU
		{E3B3DC99-EFB6-4A3C-A67D-BBD4E27443FB}.Debug|x86.ActiveCfg = Debug|Any CPU
		{E3B3DC99-EFB6-4A3C-A67D-BBD4E27443FB}.Release|Any CPU.ActiveCfg = Release|Any CPU
		{E3B3DC99-EFB6-4A3C-A67D-BBD4E27443FB}.Release|Any CPU.Build.0 = Release|Any CPU
		{E3B3DC99-EFB6-4A3C-A67D-BBD4E27443FB}.Release|x86.ActiveCfg = Release|Any CPU
		{A43EC37D-35C1-4F80-9D14-978DA1312FA9}.Debug|Any CPU.ActiveCfg = Debug|Any CPU
		{A43EC37D-35C1-4F80-9D14-978DA1312FA9}.Debug|Any CPU.Build.0 = Debug|Any CPU
		{A43EC37D-35C1-4F80-9D14-978DA1312FA9}.Debug|x86.ActiveCfg = Debug|x86
		{A43EC37D-35C1-4F80-9D14-978DA1312FA9}.Debug|x86.Build.0 = Debug|x86
		{A43EC37D-35C1-4F80-9D14-978DA1312FA9}.Release|Any CPU.ActiveCfg = Release|Any CPU
		{A43EC37D-35C1-4F80-9D14-978DA1312FA9}.Release|Any CPU.Build.0 = Release|Any CPU
		{A43EC37D-35C1-4F80-9D14-978DA1312FA9}.Release|x86.ActiveCfg = Release|x86
		{A43EC37D-35C1-4F80-9D14-978DA1312FA9}.Release|x86.Build.0 = Release|x86
		{5DF092CA-0BBC-42D2-B16A-6D60C5B11F13}.Debug|Any CPU.ActiveCfg = Debug|Any CPU
		{5DF092CA-0BBC-42D2-B16A-6D60C5B11F13}.Debug|Any CPU.Build.0 = Debug|Any CPU
		{5DF092CA-0BBC-42D2-B16A-6D60C5B11F13}.Debug|x86.ActiveCfg = Debug|Any CPU
		{5DF092CA-0BBC-42D2-B16A-6D60C5B11F13}.Release|Any CPU.ActiveCfg = Release|Any CPU
		{5DF092CA-0BBC-42D2-B16A-6D60C5B11F13}.Release|Any CPU.Build.0 = Release|Any CPU
		{5DF092CA-0BBC-42D2-B16A-6D60C5B11F13}.Release|x86.ActiveCfg = Release|Any CPU
		{AB9A8267-9203-4DD6-86F0-9D2A1083FD2D}.Debug|Any CPU.ActiveCfg = Debug|Any CPU
		{AB9A8267-9203-4DD6-86F0-9D2A1083FD2D}.Debug|Any CPU.Build.0 = Debug|Any CPU
		{AB9A8267-9203-4DD6-86F0-9D2A1083FD2D}.Debug|x86.ActiveCfg = Debug|Any CPU
		{AB9A8267-9203-4DD6-86F0-9D2A1083FD2D}.Release|Any CPU.ActiveCfg = Release|Any CPU
		{AB9A8267-9203-4DD6-86F0-9D2A1083FD2D}.Release|Any CPU.Build.0 = Release|Any CPU
		{AB9A8267-9203-4DD6-86F0-9D2A1083FD2D}.Release|x86.ActiveCfg = Release|Any CPU
	EndGlobalSection
	GlobalSection(SolutionProperties) = preSolution
		HideSolutionNode = FALSE
	EndGlobalSection
	GlobalSection(NestedProjects) = preSolution
		{E3B3DC99-EFB6-4A3C-A67D-BBD4E27443FB} = {F26D441F-0EAD-491F-990E-AC3F5703B4B7}
		{A43EC37D-35C1-4F80-9D14-978DA1312FA9} = {741E225D-263F-4EAC-9405-D4D87B6EA203}
		{BE11B9FF-D2D5-4349-AE0A-FDCCBD4AD621} = {2F63583A-5DCB-42ED-A07A-080DF84A0B69}
		{5DF092CA-0BBC-42D2-B16A-6D60C5B11F13} = {741E225D-263F-4EAC-9405-D4D87B6EA203}
		{AB9A8267-9203-4DD6-86F0-9D2A1083FD2D} = {741E225D-263F-4EAC-9405-D4D87B6EA203}
	EndGlobalSection
EndGlobal
