
Microsoft Visual Studio Solution File, Format Version 12.00
# Visual Studio 2013
VisualStudioVersion = 12.0.31101.0
MinimumVisualStudioVersion = 10.0.40219.1
Project("{FAE04EC0-301F-11D3-BF4B-00C04F79EFBC}") = "MEFTest_ShareFile", "MEFTest_ShareFile.csproj", "{D59F4726-6EBF-4070-99BD-94B47C37D38F}"
	ProjectSection(ProjectDependencies) = postProject
		{5ADB6950-D609-4847-A842-0BDD6CDBBFB9} = {5ADB6950-D609-4847-A842-0BDD6CDBBFB9}
		{7F6B90B0-965D-47BC-81B6-AE8A8A76824F} = {7F6B90B0-965D-47BC-81B6-AE8A8A76824F}
		{F71322B4-A836-40CC-94A0-80450F52DB95} = {F71322B4-A836-40CC-94A0-80450F52DB95}
		{A41D90E3-47B6-4C94-99B9-9DA2ECFDE919} = {A41D90E3-47B6-4C94-99B9-9DA2ECFDE919}
		{A92C55EB-A2BF-4239-B87B-EEBD669584C3} = {A92C55EB-A2BF-4239-B87B-EEBD669584C3}
		{AF48A2F1-1FF5-4BDD-8590-DBD874E638E1} = {AF48A2F1-1FF5-4BDD-8590-DBD874E638E1}
	EndProjectSection
EndProject
Project("{2150E333-8FDC-42A3-9474-1A3956D46DE8}") = "1 - App", "1 - App", "{F4626537-B827-4310-AE0E-81B42A68769B}"
EndProject
Project("{2150E333-8FDC-42A3-9474-1A3956D46DE8}") = "20 - Libs", "20 - Libs", "{063BF3BC-2A24-47CB-A05B-5E47C9E0338A}"
EndProject
Project("{2150E333-8FDC-42A3-9474-1A3956D46DE8}") = "99 - NuGet", "99 - NuGet", "{7B540AD9-424F-407C-8FE3-51A5FFC748ED}"
EndProject
Project("{2150E333-8FDC-42A3-9474-1A3956D46DE8}") = ".nuget", ".nuget", "{E571AC74-715A-44B3-833D-E4EC3B10CD3A}"
	ProjectSection(SolutionItems) = preProject
		.nuget\NuGet.Config = .nuget\NuGet.Config
		.nuget\NuGet.exe = .nuget\NuGet.exe
		.nuget\NuGet.targets = .nuget\NuGet.targets
	EndProjectSection
EndProject
Project("{FAE04EC0-301F-11D3-BF4B-00C04F79EFBC}") = "Org.TP", "..\..\Libs\Org.TP\Org.TP.csproj", "{859B20F5-1182-4480-8CE5-F3A794A488B6}"
EndProject
Project("{FAE04EC0-301F-11D3-BF4B-00C04F79EFBC}") = "Org.GS", "..\..\Libs\Org.GS\Org.GS.csproj", "{A43EC37D-35C1-4F80-9D14-978DA1312FA9}"
EndProject
Project("{FAE04EC0-301F-11D3-BF4B-00C04F79EFBC}") = "Org.ShareFile.Tasks", "..\..\Libs\Org.ShareFile.Tasks\Org.ShareFile.Tasks.csproj", "{7F6B90B0-965D-47BC-81B6-AE8A8A76824F}"
EndProject
Project("{FAE04EC0-301F-11D3-BF4B-00C04F79EFBC}") = "Org.WSO", "..\..\Libs\Org.WSO\Org.WSO.csproj", "{371D3EDF-6965-4A65-919C-C49E1546FD33}"
EndProject
Project("{FAE04EC0-301F-11D3-BF4B-00C04F79EFBC}") = "Org.TSK.Business", "..\..\Libs\Org.TSK.Business\Org.TSK.Business.csproj", "{AAD6C4FE-CA4E-4A3D-8F73-4EF5710348A0}"
EndProject
Project("{FAE04EC0-301F-11D3-BF4B-00C04F79EFBC}") = "Org.Notify", "..\..\Libs\Org.Notify\Org.Notify.csproj", "{AF48A2F1-1FF5-4BDD-8590-DBD874E638E1}"
EndProject
Project("{FAE04EC0-301F-11D3-BF4B-00C04F79EFBC}") = "Org.ShareFileApiClient", "..\..\Libs\Org.ShareFileApiClient\Org.ShareFileApiClient.csproj", "{A41D90E3-47B6-4C94-99B9-9DA2ECFDE919}"
EndProject
Project("{FAE04EC0-301F-11D3-BF4B-00C04F79EFBC}") = "ShareFile.Api.Client.Core-net45", "..\..\Libs\ShareFile.Core\ShareFile.Api.Client.Core-net45.csproj", "{5ADB6950-D609-4847-A842-0BDD6CDBBFB9}"
EndProject
Project("{FAE04EC0-301F-11D3-BF4B-00C04F79EFBC}") = "Org.WebApi", "..\..\Libs\Org.WebApi\Org.WebApi.csproj", "{F71322B4-A836-40CC-94A0-80450F52DB95}"
EndProject
Project("{FAE04EC0-301F-11D3-BF4B-00C04F79EFBC}") = "Org.DB", "..\..\Libs\Org.DB\Org.DB.csproj", "{A92C55EB-A2BF-4239-B87B-EEBD669584C3}"
EndProject
Global
	GlobalSection(TeamFoundationVersionControl) = preSolution
		SccNumberOfProjects = 5
		SccEnterpriseProvider = {4CA58AB2-18FA-4F8D-95D4-32DDF27D184C}
		SccTeamFoundationServer = https://gulfportenergy.visualstudio.com/
		SccProjectUniqueName0 = ..\\..\\Libs\\Org.GS\\Org.GS.csproj
		SccProjectTopLevelParentUniqueName0 = MEFTest_ShareFile.sln
		SccProjectName0 = ../../Libs/Org.GS
		SccAuxPath0 = https://gulfportenergy.visualstudio.com
		SccLocalPath0 = ..\\..\\Libs\\Org.GS
		SccProvider0 = {4CA58AB2-18FA-4F8D-95D4-32DDF27D184C}
		SccProjectUniqueName1 = ..\\..\\Libs\\Org.TP\\Org.TP.csproj
		SccProjectTopLevelParentUniqueName1 = MEFTest_ShareFile.sln
		SccProjectName1 = ../../Libs/Org.TP
		SccAuxPath1 = https://gulfportenergy.visualstudio.com
		SccLocalPath1 = ..\\..\\Libs\\Org.TP
		SccProvider1 = {4CA58AB2-18FA-4F8D-95D4-32DDF27D184C}
		SccProjectUniqueName2 = ..\\..\\Libs\\Org.WSO\\Org.WSO.csproj
		SccProjectTopLevelParentUniqueName2 = MEFTest_ShareFile.sln
		SccProjectName2 = ../../Libs/Org.WSO
		SccAuxPath2 = https://gulfportenergy.visualstudio.com
		SccLocalPath2 = ..\\..\\Libs\\Org.WSO
		SccProvider2 = {4CA58AB2-18FA-4F8D-95D4-32DDF27D184C}
		SccProjectUniqueName3 = ..\\..\\Libs\\Org.Notify\\Org.Notify.csproj
		SccProjectTopLevelParentUniqueName3 = MEFTest_ShareFile.sln
		SccProjectName3 = ../../Libs/Org.Notify
		SccAuxPath3 = https://gulfportenergy.visualstudio.com
		SccLocalPath3 = ..\\..\\Libs\\Org.Notify
		SccProvider3 = {4CA58AB2-18FA-4F8D-95D4-32DDF27D184C}
		SccProjectUniqueName4 = ..\\..\\Libs\\Org.DB\\Org.DB.csproj
		SccProjectTopLevelParentUniqueName4 = MEFTest_ShareFile.sln
		SccProjectName4 = ../../Libs/Org.DB
		SccAuxPath4 = https://gulfportenergy.visualstudio.com
		SccLocalPath4 = ..\\..\\Libs\\Org.DB
		SccProvider4 = {4CA58AB2-18FA-4F8D-95D4-32DDF27D184C}
	EndGlobalSection
	GlobalSection(SolutionConfigurationPlatforms) = preSolution
		Debug|Any CPU = Debug|Any CPU
		Debug|x86 = Debug|x86
		Release|Any CPU = Release|Any CPU
		Release|x86 = Release|x86
	EndGlobalSection
	GlobalSection(ProjectConfigurationPlatforms) = postSolution
		{D59F4726-6EBF-4070-99BD-94B47C37D38F}.Debug|Any CPU.ActiveCfg = Debug|Any CPU
		{D59F4726-6EBF-4070-99BD-94B47C37D38F}.Debug|Any CPU.Build.0 = Debug|Any CPU
		{D59F4726-6EBF-4070-99BD-94B47C37D38F}.Debug|x86.ActiveCfg = Debug|Any CPU
		{D59F4726-6EBF-4070-99BD-94B47C37D38F}.Release|Any CPU.ActiveCfg = Release|Any CPU
		{D59F4726-6EBF-4070-99BD-94B47C37D38F}.Release|Any CPU.Build.0 = Release|Any CPU
		{D59F4726-6EBF-4070-99BD-94B47C37D38F}.Release|x86.ActiveCfg = Release|Any CPU
		{859B20F5-1182-4480-8CE5-F3A794A488B6}.Debug|Any CPU.ActiveCfg = Debug|Any CPU
		{859B20F5-1182-4480-8CE5-F3A794A488B6}.Debug|Any CPU.Build.0 = Debug|Any CPU
		{859B20F5-1182-4480-8CE5-F3A794A488B6}.Debug|x86.ActiveCfg = Debug|Any CPU
		{859B20F5-1182-4480-8CE5-F3A794A488B6}.Release|Any CPU.ActiveCfg = Release|Any CPU
		{859B20F5-1182-4480-8CE5-F3A794A488B6}.Release|Any CPU.Build.0 = Release|Any CPU
		{859B20F5-1182-4480-8CE5-F3A794A488B6}.Release|x86.ActiveCfg = Release|Any CPU
		{A43EC37D-35C1-4F80-9D14-978DA1312FA9}.Debug|Any CPU.ActiveCfg = Debug|Any CPU
		{A43EC37D-35C1-4F80-9D14-978DA1312FA9}.Debug|Any CPU.Build.0 = Debug|Any CPU
		{A43EC37D-35C1-4F80-9D14-978DA1312FA9}.Debug|x86.ActiveCfg = Debug|x86
		{A43EC37D-35C1-4F80-9D14-978DA1312FA9}.Debug|x86.Build.0 = Debug|x86
		{A43EC37D-35C1-4F80-9D14-978DA1312FA9}.Release|Any CPU.ActiveCfg = Release|Any CPU
		{A43EC37D-35C1-4F80-9D14-978DA1312FA9}.Release|Any CPU.Build.0 = Release|Any CPU
		{A43EC37D-35C1-4F80-9D14-978DA1312FA9}.Release|x86.ActiveCfg = Release|x86
		{A43EC37D-35C1-4F80-9D14-978DA1312FA9}.Release|x86.Build.0 = Release|x86
		{7F6B90B0-965D-47BC-81B6-AE8A8A76824F}.Debug|Any CPU.ActiveCfg = Debug|Any CPU
		{7F6B90B0-965D-47BC-81B6-AE8A8A76824F}.Debug|Any CPU.Build.0 = Debug|Any CPU
		{7F6B90B0-965D-47BC-81B6-AE8A8A76824F}.Debug|x86.ActiveCfg = Debug|Any CPU
		{7F6B90B0-965D-47BC-81B6-AE8A8A76824F}.Release|Any CPU.ActiveCfg = Release|Any CPU
		{7F6B90B0-965D-47BC-81B6-AE8A8A76824F}.Release|Any CPU.Build.0 = Release|Any CPU
		{7F6B90B0-965D-47BC-81B6-AE8A8A76824F}.Release|x86.ActiveCfg = Release|Any CPU
		{371D3EDF-6965-4A65-919C-C49E1546FD33}.Debug|Any CPU.ActiveCfg = Debug|Any CPU
		{371D3EDF-6965-4A65-919C-C49E1546FD33}.Debug|Any CPU.Build.0 = Debug|Any CPU
		{371D3EDF-6965-4A65-919C-C49E1546FD33}.Debug|x86.ActiveCfg = Debug|Any CPU
		{371D3EDF-6965-4A65-919C-C49E1546FD33}.Release|Any CPU.ActiveCfg = Release|Any CPU
		{371D3EDF-6965-4A65-919C-C49E1546FD33}.Release|Any CPU.Build.0 = Release|Any CPU
		{371D3EDF-6965-4A65-919C-C49E1546FD33}.Release|x86.ActiveCfg = Release|Any CPU
		{AAD6C4FE-CA4E-4A3D-8F73-4EF5710348A0}.Debug|Any CPU.ActiveCfg = Debug|Any CPU
		{AAD6C4FE-CA4E-4A3D-8F73-4EF5710348A0}.Debug|Any CPU.Build.0 = Debug|Any CPU
		{AAD6C4FE-CA4E-4A3D-8F73-4EF5710348A0}.Debug|x86.ActiveCfg = Debug|Any CPU
		{AAD6C4FE-CA4E-4A3D-8F73-4EF5710348A0}.Release|Any CPU.ActiveCfg = Release|Any CPU
		{AAD6C4FE-CA4E-4A3D-8F73-4EF5710348A0}.Release|Any CPU.Build.0 = Release|Any CPU
		{AAD6C4FE-CA4E-4A3D-8F73-4EF5710348A0}.Release|x86.ActiveCfg = Release|Any CPU
		{AF48A2F1-1FF5-4BDD-8590-DBD874E638E1}.Debug|Any CPU.ActiveCfg = Debug|Any CPU
		{AF48A2F1-1FF5-4BDD-8590-DBD874E638E1}.Debug|Any CPU.Build.0 = Debug|Any CPU
		{AF48A2F1-1FF5-4BDD-8590-DBD874E638E1}.Debug|x86.ActiveCfg = Debug|Any CPU
		{AF48A2F1-1FF5-4BDD-8590-DBD874E638E1}.Release|Any CPU.ActiveCfg = Release|Any CPU
		{AF48A2F1-1FF5-4BDD-8590-DBD874E638E1}.Release|Any CPU.Build.0 = Release|Any CPU
		{AF48A2F1-1FF5-4BDD-8590-DBD874E638E1}.Release|x86.ActiveCfg = Release|Any CPU
		{A41D90E3-47B6-4C94-99B9-9DA2ECFDE919}.Debug|Any CPU.ActiveCfg = Debug|Any CPU
		{A41D90E3-47B6-4C94-99B9-9DA2ECFDE919}.Debug|Any CPU.Build.0 = Debug|Any CPU
		{A41D90E3-47B6-4C94-99B9-9DA2ECFDE919}.Debug|x86.ActiveCfg = Debug|Any CPU
		{A41D90E3-47B6-4C94-99B9-9DA2ECFDE919}.Release|Any CPU.ActiveCfg = Release|Any CPU
		{A41D90E3-47B6-4C94-99B9-9DA2ECFDE919}.Release|Any CPU.Build.0 = Release|Any CPU
		{A41D90E3-47B6-4C94-99B9-9DA2ECFDE919}.Release|x86.ActiveCfg = Release|Any CPU
		{5ADB6950-D609-4847-A842-0BDD6CDBBFB9}.Debug|Any CPU.ActiveCfg = Debug|Any CPU
		{5ADB6950-D609-4847-A842-0BDD6CDBBFB9}.Debug|Any CPU.Build.0 = Debug|Any CPU
		{5ADB6950-D609-4847-A842-0BDD6CDBBFB9}.Debug|x86.ActiveCfg = Debug|Any CPU
		{5ADB6950-D609-4847-A842-0BDD6CDBBFB9}.Release|Any CPU.ActiveCfg = Release|Any CPU
		{5ADB6950-D609-4847-A842-0BDD6CDBBFB9}.Release|Any CPU.Build.0 = Release|Any CPU
		{5ADB6950-D609-4847-A842-0BDD6CDBBFB9}.Release|x86.ActiveCfg = Release|Any CPU
		{F71322B4-A836-40CC-94A0-80450F52DB95}.Debug|Any CPU.ActiveCfg = Debug|Any CPU
		{F71322B4-A836-40CC-94A0-80450F52DB95}.Debug|Any CPU.Build.0 = Debug|Any CPU
		{F71322B4-A836-40CC-94A0-80450F52DB95}.Debug|x86.ActiveCfg = Debug|Any CPU
		{F71322B4-A836-40CC-94A0-80450F52DB95}.Release|Any CPU.ActiveCfg = Release|Any CPU
		{F71322B4-A836-40CC-94A0-80450F52DB95}.Release|Any CPU.Build.0 = Release|Any CPU
		{F71322B4-A836-40CC-94A0-80450F52DB95}.Release|x86.ActiveCfg = Release|Any CPU
		{A92C55EB-A2BF-4239-B87B-EEBD669584C3}.Debug|Any CPU.ActiveCfg = Debug|Any CPU
		{A92C55EB-A2BF-4239-B87B-EEBD669584C3}.Debug|Any CPU.Build.0 = Debug|Any CPU
		{A92C55EB-A2BF-4239-B87B-EEBD669584C3}.Debug|x86.ActiveCfg = Debug|Any CPU
		{A92C55EB-A2BF-4239-B87B-EEBD669584C3}.Release|Any CPU.ActiveCfg = Release|Any CPU
		{A92C55EB-A2BF-4239-B87B-EEBD669584C3}.Release|Any CPU.Build.0 = Release|Any CPU
		{A92C55EB-A2BF-4239-B87B-EEBD669584C3}.Release|x86.ActiveCfg = Release|Any CPU
	EndGlobalSection
	GlobalSection(SolutionProperties) = preSolution
		HideSolutionNode = FALSE
	EndGlobalSection
	GlobalSection(NestedProjects) = preSolution
		{D59F4726-6EBF-4070-99BD-94B47C37D38F} = {F4626537-B827-4310-AE0E-81B42A68769B}
		{E571AC74-715A-44B3-833D-E4EC3B10CD3A} = {7B540AD9-424F-407C-8FE3-51A5FFC748ED}
		{859B20F5-1182-4480-8CE5-F3A794A488B6} = {063BF3BC-2A24-47CB-A05B-5E47C9E0338A}
		{A43EC37D-35C1-4F80-9D14-978DA1312FA9} = {063BF3BC-2A24-47CB-A05B-5E47C9E0338A}
		{7F6B90B0-965D-47BC-81B6-AE8A8A76824F} = {063BF3BC-2A24-47CB-A05B-5E47C9E0338A}
		{371D3EDF-6965-4A65-919C-C49E1546FD33} = {063BF3BC-2A24-47CB-A05B-5E47C9E0338A}
		{AAD6C4FE-CA4E-4A3D-8F73-4EF5710348A0} = {063BF3BC-2A24-47CB-A05B-5E47C9E0338A}
		{AF48A2F1-1FF5-4BDD-8590-DBD874E638E1} = {063BF3BC-2A24-47CB-A05B-5E47C9E0338A}
		{A41D90E3-47B6-4C94-99B9-9DA2ECFDE919} = {063BF3BC-2A24-47CB-A05B-5E47C9E0338A}
		{5ADB6950-D609-4847-A842-0BDD6CDBBFB9} = {063BF3BC-2A24-47CB-A05B-5E47C9E0338A}
		{F71322B4-A836-40CC-94A0-80450F52DB95} = {063BF3BC-2A24-47CB-A05B-5E47C9E0338A}
		{A92C55EB-A2BF-4239-B87B-EEBD669584C3} = {063BF3BC-2A24-47CB-A05B-5E47C9E0338A}
	EndGlobalSection
EndGlobal
