
Microsoft Visual Studio Solution File, Format Version 12.00
# Visual Studio 2013
VisualStudioVersion = 12.0.31101.0
MinimumVisualStudioVersion = 10.0.40219.1
Project("{FAE04EC0-301F-11D3-BF4B-00C04F79EFBC}") = "MEFTest", "MEFTest.csproj", "{D59F4726-6EBF-4070-99BD-94B47C37D38F}"
	ProjectSection(ProjectDependencies) = postProject
		{D6801934-7CC6-444B-A676-D5EB3EE1637C} = {D6801934-7CC6-444B-A676-D5EB3EE1637C}
		{381ACF59-909F-477A-8272-B4D4AAE1F034} = {381ACF59-909F-477A-8272-B4D4AAE1F034}
		{CB5ACE5F-29BF-4171-8942-2A9771CF5296} = {CB5ACE5F-29BF-4171-8942-2A9771CF5296}
		{97180063-C602-44E3-923E-73B684EEE98C} = {97180063-C602-44E3-923E-73B684EEE98C}
		{75B15BAA-3878-42A0-A557-DB8897E70159} = {75B15BAA-3878-42A0-A557-DB8897E70159}
		{48BD3AE8-2A85-4E9B-8C86-B59DFF058AE0} = {48BD3AE8-2A85-4E9B-8C86-B59DFF058AE0}
		{A92C55EB-A2BF-4239-B87B-EEBD669584C3} = {A92C55EB-A2BF-4239-B87B-EEBD669584C3}
	EndProjectSection
EndProject
Project("{2150E333-8FDC-42A3-9474-1A3956D46DE8}") = "1 - App", "1 - App", "{F4626537-B827-4310-AE0E-81B42A68769B}"
EndProject
Project("{2150E333-8FDC-42A3-9474-1A3956D46DE8}") = "20 - Libs", "20 - Libs", "{063BF3BC-2A24-47CB-A05B-5E47C9E0338A}"
EndProject
Project("{2150E333-8FDC-42A3-9474-1A3956D46DE8}") = "99 - NuGet", "99 - NuGet", "{7B540AD9-424F-407C-8FE3-51A5FFC748ED}"
EndProject
Project("{2150E333-8FDC-42A3-9474-1A3956D46DE8}") = ".nuget", ".nuget", "{E571AC74-715A-44B3-833D-E4EC3B10CD3A}"
	ProjectSection(SolutionItems) = preProject
		.nuget\NuGet.Config = .nuget\NuGet.Config
		.nuget\NuGet.exe = .nuget\NuGet.exe
		.nuget\NuGet.targets = .nuget\NuGet.targets
	EndProjectSection
EndProject
Project("{FAE04EC0-301F-11D3-BF4B-00C04F79EFBC}") = "Org.TP", "..\..\Libs\Org.TP\Org.TP.csproj", "{859B20F5-1182-4480-8CE5-F3A794A488B6}"
EndProject
Project("{FAE04EC0-301F-11D3-BF4B-00C04F79EFBC}") = "Org.GS", "..\..\Libs\Org.GS\Org.GS.csproj", "{A43EC37D-35C1-4F80-9D14-978DA1312FA9}"
EndProject
Project("{FAE04EC0-301F-11D3-BF4B-00C04F79EFBC}") = "Org.WSO", "..\..\Libs\Org.WSO\Org.WSO.csproj", "{371D3EDF-6965-4A65-919C-C49E1546FD33}"
EndProject
Project("{FAE04EC0-301F-11D3-BF4B-00C04F79EFBC}") = "Gulfport.MWStmt.Business", "..\..\Libs\Gulfport.MWStmt.Business\Gulfport.MWStmt.Business.csproj", "{75B15BAA-3878-42A0-A557-DB8897E70159}"
EndProject
Project("{FAE04EC0-301F-11D3-BF4B-00C04F79EFBC}") = "Org.DB", "..\..\Libs\Org.DB\Org.DB.csproj", "{A92C55EB-A2BF-4239-B87B-EEBD669584C3}"
EndProject
Project("{FAE04EC0-301F-11D3-BF4B-00C04F79EFBC}") = "Org.DxDocs", "..\..\Libs\Org.DxDocs\Org.DxDocs.csproj", "{CB5ACE5F-29BF-4171-8942-2A9771CF5296}"
EndProject
Project("{FAE04EC0-301F-11D3-BF4B-00C04F79EFBC}") = "Gulfport.EMK3.Business", "..\..\Libs\Gulfport.EMK3.Business\Gulfport.EMK3.Business.csproj", "{D6801934-7CC6-444B-A676-D5EB3EE1637C}"
EndProject
Project("{FAE04EC0-301F-11D3-BF4B-00C04F79EFBC}") = "Gulfport.MWStmt.Tasks", "..\..\Libs\Gulfport.MWStmt.Tasks\Gulfport.MWStmt.Tasks.csproj", "{48BD3AE8-2A85-4E9B-8C86-B59DFF058AE0}"
EndProject
Project("{FAE04EC0-301F-11D3-BF4B-00C04F79EFBC}") = "Gulfport.NonOp.Tasks", "..\..\Libs\Gulfport.NonOp.Tasks\Gulfport.NonOp.Tasks.csproj", "{97180063-C602-44E3-923E-73B684EEE98C}"
EndProject
Project("{FAE04EC0-301F-11D3-BF4B-00C04F79EFBC}") = "Gulfport.NonOp.Business", "..\..\Libs\Gulfport.NonOp.Business\Gulfport.NonOp.Business.csproj", "{75B34F02-1F43-434C-97C8-D8329E79EBD5}"
EndProject
Project("{FAE04EC0-301F-11D3-BF4B-00C04F79EFBC}") = "Gulfport.EMK3.Tasks", "..\..\Libs\Gulfport.EMK3.Tasks\Gulfport.EMK3.Tasks.csproj", "{4C715425-4B6C-4914-80F2-B0E10AE7FB02}"
EndProject
Project("{FAE04EC0-301F-11D3-BF4B-00C04F79EFBC}") = "Gulfport.Core.Business", "..\..\Libs\Gulfport.Core.Business\Gulfport.Core.Business.csproj", "{846D17CB-DC61-4DB4-BEAE-995D4001DCAC}"
EndProject
Project("{FAE04EC0-301F-11D3-BF4B-00C04F79EFBC}") = "Org.Dx.Business", "..\..\Libs\Org.Dx.Business\Org.Dx.Business.csproj", "{9FC01483-94A8-407B-AA5B-142390345FDF}"
EndProject
Project("{FAE04EC0-301F-11D3-BF4B-00C04F79EFBC}") = "Gulfport.Dx.Tasks", "..\..\Libs\Gulfport.Dx.Tasks\Gulfport.Dx.Tasks.csproj", "{65498755-3D7D-461C-887F-7E6D964F56DB}"
EndProject
Project("{FAE04EC0-301F-11D3-BF4B-00C04F79EFBC}") = "Gulfport.Merrick.Business", "..\..\Libs\Gulfport.Merrick.Business\Gulfport.Merrick.Business.csproj", "{381ACF59-909F-477A-8272-B4D4AAE1F034}"
EndProject
Project("{FAE04EC0-301F-11D3-BF4B-00C04F79EFBC}") = "Gulfport.Colorado.Tasks", "..\..\Libs\Gulfport.Colorado.Tasks\Gulfport.Colorado.Tasks.csproj", "{A61F0499-D9DF-491E-BA64-9BA69A005BEB}"
EndProject
Project("{FAE04EC0-301F-11D3-BF4B-00C04F79EFBC}") = "Org.ZIP", "..\..\Libs\Org.ZIP\Org.ZIP.csproj", "{5DF092CA-0BBC-42D2-B16A-6D60C5B11F13}"
EndProject
Global
	GlobalSection(TeamFoundationVersionControl) = preSolution
		SccNumberOfProjects = 6
		SccEnterpriseProvider = {4CA58AB2-18FA-4F8D-95D4-32DDF27D184C}
		SccTeamFoundationServer = https://gulfportenergy.visualstudio.com/defaultcollection
		SccProjectUniqueName0 = ..\\..\\Libs\\Org.GS\\Org.GS.csproj
		SccProjectTopLevelParentUniqueName0 = MEFTest_G.sln
		SccProjectName0 = ../../Libs/Org.GS
		SccAuxPath0 = https://gulfportenergy.visualstudio.com/defaultcollection
		SccLocalPath0 = ..\\..\\Libs\\Org.GS
		SccProvider0 = {4CA58AB2-18FA-4F8D-95D4-32DDF27D184C}
		SccProjectUniqueName1 = ..\\..\\Libs\\Org.DxDocs\\Org.DxDocs.csproj
		SccProjectTopLevelParentUniqueName1 = MEFTest_G.sln
		SccProjectName1 = ../../Libs/Org.DxDocs
		SccAuxPath1 = https://gulfportenergy.visualstudio.com/defaultcollection
		SccLocalPath1 = ..\\..\\Libs\\Org.DxDocs
		SccProvider1 = {4CA58AB2-18FA-4F8D-95D4-32DDF27D184C}
		SccProjectUniqueName2 = ..\\..\\Libs\\Org.DB\\Org.DB.csproj
		SccProjectTopLevelParentUniqueName2 = MEFTest_G.sln
		SccProjectName2 = ../../Libs/Org.DB
		SccAuxPath2 = https://gulfportenergy.visualstudio.com/defaultcollection
		SccLocalPath2 = ..\\..\\Libs\\Org.DB
		SccProvider2 = {4CA58AB2-18FA-4F8D-95D4-32DDF27D184C}
		SccProjectUniqueName3 = ..\\..\\Libs\\Org.TP\\Org.TP.csproj
		SccProjectTopLevelParentUniqueName3 = MEFTest_G.sln
		SccProjectName3 = ../../Libs/Org.TP
		SccAuxPath3 = https://gulfportenergy.visualstudio.com/defaultcollection
		SccLocalPath3 = ..\\..\\Libs\\Org.TP
		SccProvider3 = {4CA58AB2-18FA-4F8D-95D4-32DDF27D184C}
		SccProjectUniqueName4 = ..\\..\\Libs\\Org.WSO\\Org.WSO.csproj
		SccProjectTopLevelParentUniqueName4 = MEFTest_G.sln
		SccProjectName4 = ../../Libs/Org.WSO
		SccAuxPath4 = https://gulfportenergy.visualstudio.com/defaultcollection
		SccLocalPath4 = ..\\..\\Libs\\Org.WSO
		SccProvider4 = {4CA58AB2-18FA-4F8D-95D4-32DDF27D184C}
		SccProjectUniqueName5 = ..\\..\\Libs\\Org.ZIP\\Org.ZIP.csproj
		SccProjectTopLevelParentUniqueName5 = MEFTest_G.sln
		SccProjectName5 = ../../Libs/Org.ZIP
		SccAuxPath5 = https://gulfportenergy.visualstudio.com/defaultcollection
		SccLocalPath5 = ..\\..\\Libs\\Org.ZIP
		SccProvider5 = {4CA58AB2-18FA-4F8D-95D4-32DDF27D184C}
	EndGlobalSection
	GlobalSection(SolutionConfigurationPlatforms) = preSolution
		Debug|Any CPU = Debug|Any CPU
		Debug|x86 = Debug|x86
		Release|Any CPU = Release|Any CPU
		Release|x86 = Release|x86
	EndGlobalSection
	GlobalSection(ProjectConfigurationPlatforms) = postSolution
		{D59F4726-6EBF-4070-99BD-94B47C37D38F}.Debug|Any CPU.ActiveCfg = Debug|Any CPU
		{D59F4726-6EBF-4070-99BD-94B47C37D38F}.Debug|Any CPU.Build.0 = Debug|Any CPU
		{D59F4726-6EBF-4070-99BD-94B47C37D38F}.Debug|x86.ActiveCfg = Debug|Any CPU
		{D59F4726-6EBF-4070-99BD-94B47C37D38F}.Release|Any CPU.ActiveCfg = Release|Any CPU
		{D59F4726-6EBF-4070-99BD-94B47C37D38F}.Release|Any CPU.Build.0 = Release|Any CPU
		{D59F4726-6EBF-4070-99BD-94B47C37D38F}.Release|x86.ActiveCfg = Release|Any CPU
		{859B20F5-1182-4480-8CE5-F3A794A488B6}.Debug|Any CPU.ActiveCfg = Debug|Any CPU
		{859B20F5-1182-4480-8CE5-F3A794A488B6}.Debug|Any CPU.Build.0 = Debug|Any CPU
		{859B20F5-1182-4480-8CE5-F3A794A488B6}.Debug|x86.ActiveCfg = Debug|Any CPU
		{859B20F5-1182-4480-8CE5-F3A794A488B6}.Release|Any CPU.ActiveCfg = Release|Any CPU
		{859B20F5-1182-4480-8CE5-F3A794A488B6}.Release|Any CPU.Build.0 = Release|Any CPU
		{859B20F5-1182-4480-8CE5-F3A794A488B6}.Release|x86.ActiveCfg = Release|Any CPU
		{A43EC37D-35C1-4F80-9D14-978DA1312FA9}.Debug|Any CPU.ActiveCfg = Debug|Any CPU
		{A43EC37D-35C1-4F80-9D14-978DA1312FA9}.Debug|Any CPU.Build.0 = Debug|Any CPU
		{A43EC37D-35C1-4F80-9D14-978DA1312FA9}.Debug|x86.ActiveCfg = Debug|x86
		{A43EC37D-35C1-4F80-9D14-978DA1312FA9}.Debug|x86.Build.0 = Debug|x86
		{A43EC37D-35C1-4F80-9D14-978DA1312FA9}.Release|Any CPU.ActiveCfg = Release|Any CPU
		{A43EC37D-35C1-4F80-9D14-978DA1312FA9}.Release|Any CPU.Build.0 = Release|Any CPU
		{A43EC37D-35C1-4F80-9D14-978DA1312FA9}.Release|x86.ActiveCfg = Release|x86
		{A43EC37D-35C1-4F80-9D14-978DA1312FA9}.Release|x86.Build.0 = Release|x86
		{371D3EDF-6965-4A65-919C-C49E1546FD33}.Debug|Any CPU.ActiveCfg = Debug|Any CPU
		{371D3EDF-6965-4A65-919C-C49E1546FD33}.Debug|Any CPU.Build.0 = Debug|Any CPU
		{371D3EDF-6965-4A65-919C-C49E1546FD33}.Debug|x86.ActiveCfg = Debug|Any CPU
		{371D3EDF-6965-4A65-919C-C49E1546FD33}.Release|Any CPU.ActiveCfg = Release|Any CPU
		{371D3EDF-6965-4A65-919C-C49E1546FD33}.Release|Any CPU.Build.0 = Release|Any CPU
		{371D3EDF-6965-4A65-919C-C49E1546FD33}.Release|x86.ActiveCfg = Release|Any CPU
		{75B15BAA-3878-42A0-A557-DB8897E70159}.Debug|Any CPU.ActiveCfg = Debug|Any CPU
		{75B15BAA-3878-42A0-A557-DB8897E70159}.Debug|Any CPU.Build.0 = Debug|Any CPU
		{75B15BAA-3878-42A0-A557-DB8897E70159}.Debug|x86.ActiveCfg = Debug|Any CPU
		{75B15BAA-3878-42A0-A557-DB8897E70159}.Release|Any CPU.ActiveCfg = Release|Any CPU
		{75B15BAA-3878-42A0-A557-DB8897E70159}.Release|Any CPU.Build.0 = Release|Any CPU
		{75B15BAA-3878-42A0-A557-DB8897E70159}.Release|x86.ActiveCfg = Release|Any CPU
		{A92C55EB-A2BF-4239-B87B-EEBD669584C3}.Debug|Any CPU.ActiveCfg = Debug|Any CPU
		{A92C55EB-A2BF-4239-B87B-EEBD669584C3}.Debug|Any CPU.Build.0 = Debug|Any CPU
		{A92C55EB-A2BF-4239-B87B-EEBD669584C3}.Debug|x86.ActiveCfg = Debug|Any CPU
		{A92C55EB-A2BF-4239-B87B-EEBD669584C3}.Release|Any CPU.ActiveCfg = Release|Any CPU
		{A92C55EB-A2BF-4239-B87B-EEBD669584C3}.Release|Any CPU.Build.0 = Release|Any CPU
		{A92C55EB-A2BF-4239-B87B-EEBD669584C3}.Release|x86.ActiveCfg = Release|Any CPU
		{CB5ACE5F-29BF-4171-8942-2A9771CF5296}.Debug|Any CPU.ActiveCfg = Debug|Any CPU
		{CB5ACE5F-29BF-4171-8942-2A9771CF5296}.Debug|Any CPU.Build.0 = Debug|Any CPU
		{CB5ACE5F-29BF-4171-8942-2A9771CF5296}.Debug|x86.ActiveCfg = Debug|Any CPU
		{CB5ACE5F-29BF-4171-8942-2A9771CF5296}.Release|Any CPU.ActiveCfg = Release|Any CPU
		{CB5ACE5F-29BF-4171-8942-2A9771CF5296}.Release|Any CPU.Build.0 = Release|Any CPU
		{CB5ACE5F-29BF-4171-8942-2A9771CF5296}.Release|x86.ActiveCfg = Release|Any CPU
		{D6801934-7CC6-444B-A676-D5EB3EE1637C}.Debug|Any CPU.ActiveCfg = Debug|Any CPU
		{D6801934-7CC6-444B-A676-D5EB3EE1637C}.Debug|Any CPU.Build.0 = Debug|Any CPU
		{D6801934-7CC6-444B-A676-D5EB3EE1637C}.Debug|x86.ActiveCfg = Debug|Any CPU
		{D6801934-7CC6-444B-A676-D5EB3EE1637C}.Release|Any CPU.ActiveCfg = Release|Any CPU
		{D6801934-7CC6-444B-A676-D5EB3EE1637C}.Release|Any CPU.Build.0 = Release|Any CPU
		{D6801934-7CC6-444B-A676-D5EB3EE1637C}.Release|x86.ActiveCfg = Release|Any CPU
		{48BD3AE8-2A85-4E9B-8C86-B59DFF058AE0}.Debug|Any CPU.ActiveCfg = Debug|Any CPU
		{48BD3AE8-2A85-4E9B-8C86-B59DFF058AE0}.Debug|Any CPU.Build.0 = Debug|Any CPU
		{48BD3AE8-2A85-4E9B-8C86-B59DFF058AE0}.Debug|x86.ActiveCfg = Debug|Any CPU
		{48BD3AE8-2A85-4E9B-8C86-B59DFF058AE0}.Release|Any CPU.ActiveCfg = Release|Any CPU
		{48BD3AE8-2A85-4E9B-8C86-B59DFF058AE0}.Release|Any CPU.Build.0 = Release|Any CPU
		{48BD3AE8-2A85-4E9B-8C86-B59DFF058AE0}.Release|x86.ActiveCfg = Release|Any CPU
		{97180063-C602-44E3-923E-73B684EEE98C}.Debug|Any CPU.ActiveCfg = Debug|Any CPU
		{97180063-C602-44E3-923E-73B684EEE98C}.Debug|Any CPU.Build.0 = Debug|Any CPU
		{97180063-C602-44E3-923E-73B684EEE98C}.Debug|x86.ActiveCfg = Debug|Any CPU
		{97180063-C602-44E3-923E-73B684EEE98C}.Release|Any CPU.ActiveCfg = Release|Any CPU
		{97180063-C602-44E3-923E-73B684EEE98C}.Release|Any CPU.Build.0 = Release|Any CPU
		{97180063-C602-44E3-923E-73B684EEE98C}.Release|x86.ActiveCfg = Release|Any CPU
		{75B34F02-1F43-434C-97C8-D8329E79EBD5}.Debug|Any CPU.ActiveCfg = Debug|Any CPU
		{75B34F02-1F43-434C-97C8-D8329E79EBD5}.Debug|Any CPU.Build.0 = Debug|Any CPU
		{75B34F02-1F43-434C-97C8-D8329E79EBD5}.Debug|x86.ActiveCfg = Debug|Any CPU
		{75B34F02-1F43-434C-97C8-D8329E79EBD5}.Release|Any CPU.ActiveCfg = Release|Any CPU
		{75B34F02-1F43-434C-97C8-D8329E79EBD5}.Release|Any CPU.Build.0 = Release|Any CPU
		{75B34F02-1F43-434C-97C8-D8329E79EBD5}.Release|x86.ActiveCfg = Release|Any CPU
		{4C715425-4B6C-4914-80F2-B0E10AE7FB02}.Debug|Any CPU.ActiveCfg = Debug|Any CPU
		{4C715425-4B6C-4914-80F2-B0E10AE7FB02}.Debug|Any CPU.Build.0 = Debug|Any CPU
		{4C715425-4B6C-4914-80F2-B0E10AE7FB02}.Debug|x86.ActiveCfg = Debug|Any CPU
		{4C715425-4B6C-4914-80F2-B0E10AE7FB02}.Release|Any CPU.ActiveCfg = Release|Any CPU
		{4C715425-4B6C-4914-80F2-B0E10AE7FB02}.Release|Any CPU.Build.0 = Release|Any CPU
		{4C715425-4B6C-4914-80F2-B0E10AE7FB02}.Release|x86.ActiveCfg = Release|Any CPU
		{846D17CB-DC61-4DB4-BEAE-995D4001DCAC}.Debug|Any CPU.ActiveCfg = Debug|Any CPU
		{846D17CB-DC61-4DB4-BEAE-995D4001DCAC}.Debug|Any CPU.Build.0 = Debug|Any CPU
		{846D17CB-DC61-4DB4-BEAE-995D4001DCAC}.Debug|x86.ActiveCfg = Debug|Any CPU
		{846D17CB-DC61-4DB4-BEAE-995D4001DCAC}.Release|Any CPU.ActiveCfg = Release|Any CPU
		{846D17CB-DC61-4DB4-BEAE-995D4001DCAC}.Release|Any CPU.Build.0 = Release|Any CPU
		{846D17CB-DC61-4DB4-BEAE-995D4001DCAC}.Release|x86.ActiveCfg = Release|Any CPU
		{9FC01483-94A8-407B-AA5B-142390345FDF}.Debug|Any CPU.ActiveCfg = Debug|Any CPU
		{9FC01483-94A8-407B-AA5B-142390345FDF}.Debug|Any CPU.Build.0 = Debug|Any CPU
		{9FC01483-94A8-407B-AA5B-142390345FDF}.Debug|x86.ActiveCfg = Debug|Any CPU
		{9FC01483-94A8-407B-AA5B-142390345FDF}.Release|Any CPU.ActiveCfg = Release|Any CPU
		{9FC01483-94A8-407B-AA5B-142390345FDF}.Release|Any CPU.Build.0 = Release|Any CPU
		{9FC01483-94A8-407B-AA5B-142390345FDF}.Release|x86.ActiveCfg = Release|Any CPU
		{65498755-3D7D-461C-887F-7E6D964F56DB}.Debug|Any CPU.ActiveCfg = Debug|Any CPU
		{65498755-3D7D-461C-887F-7E6D964F56DB}.Debug|Any CPU.Build.0 = Debug|Any CPU
		{65498755-3D7D-461C-887F-7E6D964F56DB}.Debug|x86.ActiveCfg = Debug|Any CPU
		{65498755-3D7D-461C-887F-7E6D964F56DB}.Release|Any CPU.ActiveCfg = Release|Any CPU
		{65498755-3D7D-461C-887F-7E6D964F56DB}.Release|Any CPU.Build.0 = Release|Any CPU
		{65498755-3D7D-461C-887F-7E6D964F56DB}.Release|x86.ActiveCfg = Release|Any CPU
		{381ACF59-909F-477A-8272-B4D4AAE1F034}.Debug|Any CPU.ActiveCfg = Debug|Any CPU
		{381ACF59-909F-477A-8272-B4D4AAE1F034}.Debug|Any CPU.Build.0 = Debug|Any CPU
		{381ACF59-909F-477A-8272-B4D4AAE1F034}.Debug|x86.ActiveCfg = Debug|Any CPU
		{381ACF59-909F-477A-8272-B4D4AAE1F034}.Release|Any CPU.ActiveCfg = Release|Any CPU
		{381ACF59-909F-477A-8272-B4D4AAE1F034}.Release|Any CPU.Build.0 = Release|Any CPU
		{381ACF59-909F-477A-8272-B4D4AAE1F034}.Release|x86.ActiveCfg = Release|Any CPU
		{A61F0499-D9DF-491E-BA64-9BA69A005BEB}.Debug|Any CPU.ActiveCfg = Debug|Any CPU
		{A61F0499-D9DF-491E-BA64-9BA69A005BEB}.Debug|Any CPU.Build.0 = Debug|Any CPU
		{A61F0499-D9DF-491E-BA64-9BA69A005BEB}.Debug|x86.ActiveCfg = Debug|Any CPU
		{A61F0499-D9DF-491E-BA64-9BA69A005BEB}.Release|Any CPU.ActiveCfg = Release|Any CPU
		{A61F0499-D9DF-491E-BA64-9BA69A005BEB}.Release|Any CPU.Build.0 = Release|Any CPU
		{A61F0499-D9DF-491E-BA64-9BA69A005BEB}.Release|x86.ActiveCfg = Release|Any CPU
		{5DF092CA-0BBC-42D2-B16A-6D60C5B11F13}.Debug|Any CPU.ActiveCfg = Debug|Any CPU
		{5DF092CA-0BBC-42D2-B16A-6D60C5B11F13}.Debug|Any CPU.Build.0 = Debug|Any CPU
		{5DF092CA-0BBC-42D2-B16A-6D60C5B11F13}.Debug|x86.ActiveCfg = Debug|Any CPU
		{5DF092CA-0BBC-42D2-B16A-6D60C5B11F13}.Release|Any CPU.ActiveCfg = Release|Any CPU
		{5DF092CA-0BBC-42D2-B16A-6D60C5B11F13}.Release|Any CPU.Build.0 = Release|Any CPU
		{5DF092CA-0BBC-42D2-B16A-6D60C5B11F13}.Release|x86.ActiveCfg = Release|Any CPU
	EndGlobalSection
	GlobalSection(SolutionProperties) = preSolution
		HideSolutionNode = FALSE
	EndGlobalSection
	GlobalSection(NestedProjects) = preSolution
		{D59F4726-6EBF-4070-99BD-94B47C37D38F} = {F4626537-B827-4310-AE0E-81B42A68769B}
		{E571AC74-715A-44B3-833D-E4EC3B10CD3A} = {7B540AD9-424F-407C-8FE3-51A5FFC748ED}
		{859B20F5-1182-4480-8CE5-F3A794A488B6} = {063BF3BC-2A24-47CB-A05B-5E47C9E0338A}
		{A43EC37D-35C1-4F80-9D14-978DA1312FA9} = {063BF3BC-2A24-47CB-A05B-5E47C9E0338A}
		{371D3EDF-6965-4A65-919C-C49E1546FD33} = {063BF3BC-2A24-47CB-A05B-5E47C9E0338A}
		{75B15BAA-3878-42A0-A557-DB8897E70159} = {063BF3BC-2A24-47CB-A05B-5E47C9E0338A}
		{A92C55EB-A2BF-4239-B87B-EEBD669584C3} = {063BF3BC-2A24-47CB-A05B-5E47C9E0338A}
		{CB5ACE5F-29BF-4171-8942-2A9771CF5296} = {063BF3BC-2A24-47CB-A05B-5E47C9E0338A}
		{D6801934-7CC6-444B-A676-D5EB3EE1637C} = {063BF3BC-2A24-47CB-A05B-5E47C9E0338A}
		{48BD3AE8-2A85-4E9B-8C86-B59DFF058AE0} = {063BF3BC-2A24-47CB-A05B-5E47C9E0338A}
		{97180063-C602-44E3-923E-73B684EEE98C} = {063BF3BC-2A24-47CB-A05B-5E47C9E0338A}
		{75B34F02-1F43-434C-97C8-D8329E79EBD5} = {063BF3BC-2A24-47CB-A05B-5E47C9E0338A}
		{4C715425-4B6C-4914-80F2-B0E10AE7FB02} = {063BF3BC-2A24-47CB-A05B-5E47C9E0338A}
		{846D17CB-DC61-4DB4-BEAE-995D4001DCAC} = {063BF3BC-2A24-47CB-A05B-5E47C9E0338A}
		{9FC01483-94A8-407B-AA5B-142390345FDF} = {063BF3BC-2A24-47CB-A05B-5E47C9E0338A}
		{65498755-3D7D-461C-887F-7E6D964F56DB} = {063BF3BC-2A24-47CB-A05B-5E47C9E0338A}
		{381ACF59-909F-477A-8272-B4D4AAE1F034} = {063BF3BC-2A24-47CB-A05B-5E47C9E0338A}
		{A61F0499-D9DF-491E-BA64-9BA69A005BEB} = {063BF3BC-2A24-47CB-A05B-5E47C9E0338A}
		{5DF092CA-0BBC-42D2-B16A-6D60C5B11F13} = {063BF3BC-2A24-47CB-A05B-5E47C9E0338A}
	EndGlobalSection
EndGlobal
